
Microsoft Visual Studio Solution File, Format Version 12.00
# Visual Studio 15
VisualStudioVersion = 15.0.28307.539
MinimumVisualStudioVersion = 10.0.40219.1
Project("{FAE04EC0-301F-11D3-BF4B-00C04F79EFBC}") = "KBA.Common.API", "KBA.Common.API\KBA.Common.API.csproj", "{1D0DDE89-EBDC-4A89-AEE9-8F82EF275301}"
EndProject
Project("{2150E333-8FDC-42A3-9474-1A3956D46DE8}") = "KBA.Common", "KBA.Common", "{0FCB66BE-C140-47D2-A112-A568DB08CFD4}"
EndProject
Project("{FAE04EC0-301F-11D3-BF4B-00C04F79EFBC}") = "KBA.Common.Azure", "..\..\Common\Main\KBA.Common\KBA.Common.Azure\KBA.Common.Azure.csproj", "{78CDED73-5491-435B-AA62-E7BC6F47EC88}"
EndProject
Project("{FAE04EC0-301F-11D3-BF4B-00C04F79EFBC}") = "KBA.Common.DataAccess", "..\..\Common\Main\KBA.Common\KBA.Common.DataAccess\KBA.Common.DataAccess.csproj", "{FFFDCC66-B7E8-43A2-AF1E-274E40DBFB0F}"
EndProject
Project("{FAE04EC0-301F-11D3-BF4B-00C04F79EFBC}") = "KBA.Common.Domain", "..\..\Common\Main\KBA.Common\KBA.Common.Domain\KBA.Common.Domain.csproj", "{BF0EE62E-50AD-4678-A9BC-7C6B5D0D0613}"
EndProject
Project("{FAE04EC0-301F-11D3-BF4B-00C04F79EFBC}") = "KBA.Common.InvitationAPI", "..\..\Common\Main\KBA.Common\KBA.Common.InvitationAPI\KBA.Common.InvitationAPI.csproj", "{7F9261EE-441F-417F-A611-738B748A611F}"
EndProject
Project("{FAE04EC0-301F-11D3-BF4B-00C04F79EFBC}") = "KBA.Common.Notification", "..\..\Common\Main\KBA.Common\KBA.Common.Notification\KBA.Common.Notification.csproj", "{FFBB1AE9-C8FF-4F18-A447-6C98A0C99679}"
EndProject
Project("{FAE04EC0-301F-11D3-BF4B-00C04F79EFBC}") = "KBA.Common.UserInactivation", "..\..\Common\Main\KBA.Common\KBA.Common.UserInactivation\KBA.Common.UserInactivation.csproj", "{EEA81807-EF65-40E1-A8EF-CB4CD4EAD5C7}"
EndProject
Project("{FAE04EC0-301F-11D3-BF4B-00C04F79EFBC}") = "KBA.Common.UserInactivationBusiness", "..\..\Common\Main\KBA.Common\KBA.Common.UserInactivationBusiness\KBA.Common.UserInactivationBusiness.csproj", "{29AD1F75-443D-432C-A70A-B1996FD99FB4}"
EndProject
Project("{FAE04EC0-301F-11D3-BF4B-00C04F79EFBC}") = "KBA.Common.Utilities", "..\..\Common\Main\KBA.Common\KBA.Common.Utilities\KBA.Common.Utilities.csproj", "{26E4A48C-DE28-404D-8797-D5CF9E8D0F5B}"
EndProject
Project("{FAE04EC0-301F-11D3-BF4B-00C04F79EFBC}") = "KBA.Common.Framework", "..\..\Common\Main\KBA.Common\KBA.Common.Framework\KBA.Common.Framework.csproj", "{D63BF3CA-346E-4DD2-B702-BD438D48D03D}"
EndProject
Project("{2150E333-8FDC-42A3-9474-1A3956D46DE8}") = "Solution Items", "Solution Items", "{91ACFF73-3B7E-4265-AA43-C61AB443C12B}"
	ProjectSection(SolutionItems) = preProject
		nuget.config = nuget.config
	EndProjectSection
EndProject
Project("{FAE04EC0-301F-11D3-BF4B-00C04F79EFBC}") = "KBA.Common.API.Tests", "KBA.Common.API.Tests\KBA.Common.API.Tests.csproj", "{1992337D-B144-4670-8259-977B7809280C}"
EndProject
Global
	GlobalSection(SolutionConfigurationPlatforms) = preSolution
		Debug|Any CPU = Debug|Any CPU
		DEV|Any CPU = DEV|Any CPU
		PERF|Any CPU = PERF|Any CPU
		PREPROD|Any CPU = PREPROD|Any CPU
		PROD|Any CPU = PROD|Any CPU
		QA|Any CPU = QA|Any CPU
		Release|Any CPU = Release|Any CPU
		UAT|Any CPU = UAT|Any CPU
	EndGlobalSection
	GlobalSection(ProjectConfigurationPlatforms) = postSolution
		{1D0DDE89-EBDC-4A89-AEE9-8F82EF275301}.Debug|Any CPU.ActiveCfg = Debug|Any CPU
		{1D0DDE89-EBDC-4A89-AEE9-8F82EF275301}.Debug|Any CPU.Build.0 = Debug|Any CPU
		{1D0DDE89-EBDC-4A89-AEE9-8F82EF275301}.DEV|Any CPU.ActiveCfg = DEV|Any CPU
		{1D0DDE89-EBDC-4A89-AEE9-8F82EF275301}.DEV|Any CPU.Build.0 = DEV|Any CPU
		{1D0DDE89-EBDC-4A89-AEE9-8F82EF275301}.PERF|Any CPU.ActiveCfg = PERF|Any CPU
		{1D0DDE89-EBDC-4A89-AEE9-8F82EF275301}.PERF|Any CPU.Build.0 = PERF|Any CPU
		{1D0DDE89-EBDC-4A89-AEE9-8F82EF275301}.PREPROD|Any CPU.ActiveCfg = PREPROD|Any CPU
		{1D0DDE89-EBDC-4A89-AEE9-8F82EF275301}.PREPROD|Any CPU.Build.0 = PREPROD|Any CPU
		{1D0DDE89-EBDC-4A89-AEE9-8F82EF275301}.PROD|Any CPU.ActiveCfg = PROD|Any CPU
		{1D0DDE89-EBDC-4A89-AEE9-8F82EF275301}.PROD|Any CPU.Build.0 = PROD|Any CPU
		{1D0DDE89-EBDC-4A89-AEE9-8F82EF275301}.QA|Any CPU.ActiveCfg = QA|Any CPU
		{1D0DDE89-EBDC-4A89-AEE9-8F82EF275301}.QA|Any CPU.Build.0 = QA|Any CPU
		{1D0DDE89-EBDC-4A89-AEE9-8F82EF275301}.Release|Any CPU.ActiveCfg = Release|Any CPU
		{1D0DDE89-EBDC-4A89-AEE9-8F82EF275301}.Release|Any CPU.Build.0 = Release|Any CPU
		{1D0DDE89-EBDC-4A89-AEE9-8F82EF275301}.UAT|Any CPU.ActiveCfg = UAT|Any CPU
		{1D0DDE89-EBDC-4A89-AEE9-8F82EF275301}.UAT|Any CPU.Build.0 = UAT|Any CPU
		{78CDED73-5491-435B-AA62-E7BC6F47EC88}.Debug|Any CPU.ActiveCfg = Debug|Any CPU
		{78CDED73-5491-435B-AA62-E7BC6F47EC88}.Debug|Any CPU.Build.0 = Debug|Any CPU
		{78CDED73-5491-435B-AA62-E7BC6F47EC88}.DEV|Any CPU.ActiveCfg = DEV|Any CPU
		{78CDED73-5491-435B-AA62-E7BC6F47EC88}.DEV|Any CPU.Build.0 = DEV|Any CPU
		{78CDED73-5491-435B-AA62-E7BC6F47EC88}.PERF|Any CPU.ActiveCfg = PERF|Any CPU
		{78CDED73-5491-435B-AA62-E7BC6F47EC88}.PERF|Any CPU.Build.0 = PERF|Any CPU
		{78CDED73-5491-435B-AA62-E7BC6F47EC88}.PREPROD|Any CPU.ActiveCfg = PREPROD|Any CPU
		{78CDED73-5491-435B-AA62-E7BC6F47EC88}.PREPROD|Any CPU.Build.0 = PREPROD|Any CPU
		{78CDED73-5491-435B-AA62-E7BC6F47EC88}.PROD|Any CPU.ActiveCfg = PREPROD|Any CPU
		{78CDED73-5491-435B-AA62-E7BC6F47EC88}.PROD|Any CPU.Build.0 = PREPROD|Any CPU
		{78CDED73-5491-435B-AA62-E7BC6F47EC88}.QA|Any CPU.ActiveCfg = QA|Any CPU
		{78CDED73-5491-435B-AA62-E7BC6F47EC88}.QA|Any CPU.Build.0 = QA|Any CPU
		{78CDED73-5491-435B-AA62-E7BC6F47EC88}.Release|Any CPU.ActiveCfg = Release|Any CPU
		{78CDED73-5491-435B-AA62-E7BC6F47EC88}.Release|Any CPU.Build.0 = Release|Any CPU
		{78CDED73-5491-435B-AA62-E7BC6F47EC88}.UAT|Any CPU.ActiveCfg = UAT|Any CPU
		{78CDED73-5491-435B-AA62-E7BC6F47EC88}.UAT|Any CPU.Build.0 = UAT|Any CPU
		{FFFDCC66-B7E8-43A2-AF1E-274E40DBFB0F}.Debug|Any CPU.ActiveCfg = Debug|Any CPU
		{FFFDCC66-B7E8-43A2-AF1E-274E40DBFB0F}.Debug|Any CPU.Build.0 = Debug|Any CPU
		{FFFDCC66-B7E8-43A2-AF1E-274E40DBFB0F}.DEV|Any CPU.ActiveCfg = DEV|Any CPU
		{FFFDCC66-B7E8-43A2-AF1E-274E40DBFB0F}.DEV|Any CPU.Build.0 = DEV|Any CPU
		{FFFDCC66-B7E8-43A2-AF1E-274E40DBFB0F}.PERF|Any CPU.ActiveCfg = PERF|Any CPU
		{FFFDCC66-B7E8-43A2-AF1E-274E40DBFB0F}.PERF|Any CPU.Build.0 = PERF|Any CPU
		{FFFDCC66-B7E8-43A2-AF1E-274E40DBFB0F}.PREPROD|Any CPU.ActiveCfg = PREPROD|Any CPU
		{FFFDCC66-B7E8-43A2-AF1E-274E40DBFB0F}.PREPROD|Any CPU.Build.0 = PREPROD|Any CPU
		{FFFDCC66-B7E8-43A2-AF1E-274E40DBFB0F}.PROD|Any CPU.ActiveCfg = PROD|Any CPU
		{FFFDCC66-B7E8-43A2-AF1E-274E40DBFB0F}.PROD|Any CPU.Build.0 = PROD|Any CPU
		{FFFDCC66-B7E8-43A2-AF1E-274E40DBFB0F}.QA|Any CPU.ActiveCfg = QA|Any CPU
		{FFFDCC66-B7E8-43A2-AF1E-274E40DBFB0F}.QA|Any CPU.Build.0 = QA|Any CPU
		{FFFDCC66-B7E8-43A2-AF1E-274E40DBFB0F}.Release|Any CPU.ActiveCfg = Release|Any CPU
		{FFFDCC66-B7E8-43A2-AF1E-274E40DBFB0F}.Release|Any CPU.Build.0 = Release|Any CPU
		{FFFDCC66-B7E8-43A2-AF1E-274E40DBFB0F}.UAT|Any CPU.ActiveCfg = UAT|Any CPU
		{FFFDCC66-B7E8-43A2-AF1E-274E40DBFB0F}.UAT|Any CPU.Build.0 = UAT|Any CPU
		{BF0EE62E-50AD-4678-A9BC-7C6B5D0D0613}.Debug|Any CPU.ActiveCfg = Debug|Any CPU
		{BF0EE62E-50AD-4678-A9BC-7C6B5D0D0613}.Debug|Any CPU.Build.0 = Debug|Any CPU
		{BF0EE62E-50AD-4678-A9BC-7C6B5D0D0613}.DEV|Any CPU.ActiveCfg = DEV|Any CPU
		{BF0EE62E-50AD-4678-A9BC-7C6B5D0D0613}.DEV|Any CPU.Build.0 = DEV|Any CPU
		{BF0EE62E-50AD-4678-A9BC-7C6B5D0D0613}.PERF|Any CPU.ActiveCfg = PERF|Any CPU
		{BF0EE62E-50AD-4678-A9BC-7C6B5D0D0613}.PERF|Any CPU.Build.0 = PERF|Any CPU
		{BF0EE62E-50AD-4678-A9BC-7C6B5D0D0613}.PREPROD|Any CPU.ActiveCfg = PREPROD|Any CPU
		{BF0EE62E-50AD-4678-A9BC-7C6B5D0D0613}.PREPROD|Any CPU.Build.0 = PREPROD|Any CPU
		{BF0EE62E-50AD-4678-A9BC-7C6B5D0D0613}.PROD|Any CPU.ActiveCfg = PROD|Any CPU
		{BF0EE62E-50AD-4678-A9BC-7C6B5D0D0613}.PROD|Any CPU.Build.0 = PROD|Any CPU
		{BF0EE62E-50AD-4678-A9BC-7C6B5D0D0613}.QA|Any CPU.ActiveCfg = QA|Any CPU
		{BF0EE62E-50AD-4678-A9BC-7C6B5D0D0613}.QA|Any CPU.Build.0 = QA|Any CPU
		{BF0EE62E-50AD-4678-A9BC-7C6B5D0D0613}.Release|Any CPU.ActiveCfg = Release|Any CPU
		{BF0EE62E-50AD-4678-A9BC-7C6B5D0D0613}.Release|Any CPU.Build.0 = Release|Any CPU
		{BF0EE62E-50AD-4678-A9BC-7C6B5D0D0613}.UAT|Any CPU.ActiveCfg = UAT|Any CPU
		{BF0EE62E-50AD-4678-A9BC-7C6B5D0D0613}.UAT|Any CPU.Build.0 = UAT|Any CPU
		{7F9261EE-441F-417F-A611-738B748A611F}.Debug|Any CPU.ActiveCfg = Debug|Any CPU
		{7F9261EE-441F-417F-A611-738B748A611F}.Debug|Any CPU.Build.0 = Debug|Any CPU
		{7F9261EE-441F-417F-A611-738B748A611F}.DEV|Any CPU.ActiveCfg = DEV|Any CPU
		{7F9261EE-441F-417F-A611-738B748A611F}.DEV|Any CPU.Build.0 = DEV|Any CPU
		{7F9261EE-441F-417F-A611-738B748A611F}.PERF|Any CPU.ActiveCfg = PERF|Any CPU
		{7F9261EE-441F-417F-A611-738B748A611F}.PERF|Any CPU.Build.0 = PERF|Any CPU
		{7F9261EE-441F-417F-A611-738B748A611F}.PREPROD|Any CPU.ActiveCfg = PREPROD|Any CPU
		{7F9261EE-441F-417F-A611-738B748A611F}.PREPROD|Any CPU.Build.0 = PREPROD|Any CPU
		{7F9261EE-441F-417F-A611-738B748A611F}.PROD|Any CPU.ActiveCfg = PROD|Any CPU
		{7F9261EE-441F-417F-A611-738B748A611F}.PROD|Any CPU.Build.0 = PROD|Any CPU
		{7F9261EE-441F-417F-A611-738B748A611F}.QA|Any CPU.ActiveCfg = QA|Any CPU
		{7F9261EE-441F-417F-A611-738B748A611F}.QA|Any CPU.Build.0 = QA|Any CPU
		{7F9261EE-441F-417F-A611-738B748A611F}.Release|Any CPU.ActiveCfg = Release|Any CPU
		{7F9261EE-441F-417F-A611-738B748A611F}.Release|Any CPU.Build.0 = Release|Any CPU
		{7F9261EE-441F-417F-A611-738B748A611F}.UAT|Any CPU.ActiveCfg = UAT|Any CPU
		{7F9261EE-441F-417F-A611-738B748A611F}.UAT|Any CPU.Build.0 = UAT|Any CPU
		{FFBB1AE9-C8FF-4F18-A447-6C98A0C99679}.Debug|Any CPU.ActiveCfg = Debug|Any CPU
		{FFBB1AE9-C8FF-4F18-A447-6C98A0C99679}.Debug|Any CPU.Build.0 = Debug|Any CPU
		{FFBB1AE9-C8FF-4F18-A447-6C98A0C99679}.DEV|Any CPU.ActiveCfg = DEV|Any CPU
		{FFBB1AE9-C8FF-4F18-A447-6C98A0C99679}.DEV|Any CPU.Build.0 = DEV|Any CPU
		{FFBB1AE9-C8FF-4F18-A447-6C98A0C99679}.PERF|Any CPU.ActiveCfg = PERF|Any CPU
		{FFBB1AE9-C8FF-4F18-A447-6C98A0C99679}.PERF|Any CPU.Build.0 = PERF|Any CPU
		{FFBB1AE9-C8FF-4F18-A447-6C98A0C99679}.PREPROD|Any CPU.ActiveCfg = PREPROD|Any CPU
		{FFBB1AE9-C8FF-4F18-A447-6C98A0C99679}.PREPROD|Any CPU.Build.0 = PREPROD|Any CPU
		{FFBB1AE9-C8FF-4F18-A447-6C98A0C99679}.PROD|Any CPU.ActiveCfg = PROD|Any CPU
		{FFBB1AE9-C8FF-4F18-A447-6C98A0C99679}.PROD|Any CPU.Build.0 = PROD|Any CPU
		{FFBB1AE9-C8FF-4F18-A447-6C98A0C99679}.QA|Any CPU.ActiveCfg = QA|Any CPU
		{FFBB1AE9-C8FF-4F18-A447-6C98A0C99679}.QA|Any CPU.Build.0 = QA|Any CPU
		{FFBB1AE9-C8FF-4F18-A447-6C98A0C99679}.Release|Any CPU.ActiveCfg = Release|Any CPU
		{FFBB1AE9-C8FF-4F18-A447-6C98A0C99679}.Release|Any CPU.Build.0 = Release|Any CPU
		{FFBB1AE9-C8FF-4F18-A447-6C98A0C99679}.UAT|Any CPU.ActiveCfg = UAT|Any CPU
		{FFBB1AE9-C8FF-4F18-A447-6C98A0C99679}.UAT|Any CPU.Build.0 = UAT|Any CPU
		{EEA81807-EF65-40E1-A8EF-CB4CD4EAD5C7}.Debug|Any CPU.ActiveCfg = Debug|Any CPU
		{EEA81807-EF65-40E1-A8EF-CB4CD4EAD5C7}.Debug|Any CPU.Build.0 = Debug|Any CPU
		{EEA81807-EF65-40E1-A8EF-CB4CD4EAD5C7}.DEV|Any CPU.ActiveCfg = DEV|Any CPU
		{EEA81807-EF65-40E1-A8EF-CB4CD4EAD5C7}.DEV|Any CPU.Build.0 = DEV|Any CPU
		{EEA81807-EF65-40E1-A8EF-CB4CD4EAD5C7}.PERF|Any CPU.ActiveCfg = PERF|Any CPU
		{EEA81807-EF65-40E1-A8EF-CB4CD4EAD5C7}.PERF|Any CPU.Build.0 = PERF|Any CPU
		{EEA81807-EF65-40E1-A8EF-CB4CD4EAD5C7}.PREPROD|Any CPU.ActiveCfg = PREPROD|Any CPU
		{EEA81807-EF65-40E1-A8EF-CB4CD4EAD5C7}.PREPROD|Any CPU.Build.0 = PREPROD|Any CPU
		{EEA81807-EF65-40E1-A8EF-CB4CD4EAD5C7}.PROD|Any CPU.ActiveCfg = PROD|Any CPU
		{EEA81807-EF65-40E1-A8EF-CB4CD4EAD5C7}.PROD|Any CPU.Build.0 = PROD|Any CPU
		{EEA81807-EF65-40E1-A8EF-CB4CD4EAD5C7}.QA|Any CPU.ActiveCfg = QA|Any CPU
		{EEA81807-EF65-40E1-A8EF-CB4CD4EAD5C7}.QA|Any CPU.Build.0 = QA|Any CPU
		{EEA81807-EF65-40E1-A8EF-CB4CD4EAD5C7}.Release|Any CPU.ActiveCfg = Release|Any CPU
		{EEA81807-EF65-40E1-A8EF-CB4CD4EAD5C7}.Release|Any CPU.Build.0 = Release|Any CPU
		{EEA81807-EF65-40E1-A8EF-CB4CD4EAD5C7}.UAT|Any CPU.ActiveCfg = UAT|Any CPU
		{EEA81807-EF65-40E1-A8EF-CB4CD4EAD5C7}.UAT|Any CPU.Build.0 = UAT|Any CPU
		{29AD1F75-443D-432C-A70A-B1996FD99FB4}.Debug|Any CPU.ActiveCfg = Debug|Any CPU
		{29AD1F75-443D-432C-A70A-B1996FD99FB4}.Debug|Any CPU.Build.0 = Debug|Any CPU
		{29AD1F75-443D-432C-A70A-B1996FD99FB4}.DEV|Any CPU.ActiveCfg = DEV|Any CPU
		{29AD1F75-443D-432C-A70A-B1996FD99FB4}.DEV|Any CPU.Build.0 = DEV|Any CPU
		{29AD1F75-443D-432C-A70A-B1996FD99FB4}.PERF|Any CPU.ActiveCfg = PERF|Any CPU
		{29AD1F75-443D-432C-A70A-B1996FD99FB4}.PERF|Any CPU.Build.0 = PERF|Any CPU
		{29AD1F75-443D-432C-A70A-B1996FD99FB4}.PREPROD|Any CPU.ActiveCfg = PREPROD|Any CPU
		{29AD1F75-443D-432C-A70A-B1996FD99FB4}.PREPROD|Any CPU.Build.0 = PREPROD|Any CPU
		{29AD1F75-443D-432C-A70A-B1996FD99FB4}.PROD|Any CPU.ActiveCfg = PROD|Any CPU
		{29AD1F75-443D-432C-A70A-B1996FD99FB4}.PROD|Any CPU.Build.0 = PROD|Any CPU
		{29AD1F75-443D-432C-A70A-B1996FD99FB4}.QA|Any CPU.ActiveCfg = QA|Any CPU
		{29AD1F75-443D-432C-A70A-B1996FD99FB4}.QA|Any CPU.Build.0 = QA|Any CPU
		{29AD1F75-443D-432C-A70A-B1996FD99FB4}.Release|Any CPU.ActiveCfg = Release|Any CPU
		{29AD1F75-443D-432C-A70A-B1996FD99FB4}.Release|Any CPU.Build.0 = Release|Any CPU
		{29AD1F75-443D-432C-A70A-B1996FD99FB4}.UAT|Any CPU.ActiveCfg = UAT|Any CPU
		{29AD1F75-443D-432C-A70A-B1996FD99FB4}.UAT|Any CPU.Build.0 = UAT|Any CPU
		{26E4A48C-DE28-404D-8797-D5CF9E8D0F5B}.Debug|Any CPU.ActiveCfg = Debug|Any CPU
		{26E4A48C-DE28-404D-8797-D5CF9E8D0F5B}.Debug|Any CPU.Build.0 = Debug|Any CPU
		{26E4A48C-DE28-404D-8797-D5CF9E8D0F5B}.DEV|Any CPU.ActiveCfg = DEV|Any CPU
		{26E4A48C-DE28-404D-8797-D5CF9E8D0F5B}.DEV|Any CPU.Build.0 = DEV|Any CPU
		{26E4A48C-DE28-404D-8797-D5CF9E8D0F5B}.PERF|Any CPU.ActiveCfg = PERF|Any CPU
		{26E4A48C-DE28-404D-8797-D5CF9E8D0F5B}.PERF|Any CPU.Build.0 = PERF|Any CPU
		{26E4A48C-DE28-404D-8797-D5CF9E8D0F5B}.PREPROD|Any CPU.ActiveCfg = PREPROD|Any CPU
		{26E4A48C-DE28-404D-8797-D5CF9E8D0F5B}.PREPROD|Any CPU.Build.0 = PREPROD|Any CPU
		{26E4A48C-DE28-404D-8797-D5CF9E8D0F5B}.PROD|Any CPU.ActiveCfg = PROD|Any CPU
		{26E4A48C-DE28-404D-8797-D5CF9E8D0F5B}.PROD|Any CPU.Build.0 = PROD|Any CPU
		{26E4A48C-DE28-404D-8797-D5CF9E8D0F5B}.QA|Any CPU.ActiveCfg = QA|Any CPU
		{26E4A48C-DE28-404D-8797-D5CF9E8D0F5B}.QA|Any CPU.Build.0 = QA|Any CPU
		{26E4A48C-DE28-404D-8797-D5CF9E8D0F5B}.Release|Any CPU.ActiveCfg = Release|Any CPU
		{26E4A48C-DE28-404D-8797-D5CF9E8D0F5B}.Release|Any CPU.Build.0 = Release|Any CPU
		{26E4A48C-DE28-404D-8797-D5CF9E8D0F5B}.UAT|Any CPU.ActiveCfg = UAT|Any CPU
		{26E4A48C-DE28-404D-8797-D5CF9E8D0F5B}.UAT|Any CPU.Build.0 = UAT|Any CPU
		{D63BF3CA-346E-4DD2-B702-BD438D48D03D}.Debug|Any CPU.ActiveCfg = Debug|Any CPU
		{D63BF3CA-346E-4DD2-B702-BD438D48D03D}.Debug|Any CPU.Build.0 = Debug|Any CPU
		{D63BF3CA-346E-4DD2-B702-BD438D48D03D}.DEV|Any CPU.ActiveCfg = DEV|Any CPU
		{D63BF3CA-346E-4DD2-B702-BD438D48D03D}.DEV|Any CPU.Build.0 = DEV|Any CPU
		{D63BF3CA-346E-4DD2-B702-BD438D48D03D}.PERF|Any CPU.ActiveCfg = PERF|Any CPU
		{D63BF3CA-346E-4DD2-B702-BD438D48D03D}.PERF|Any CPU.Build.0 = PERF|Any CPU
		{D63BF3CA-346E-4DD2-B702-BD438D48D03D}.PREPROD|Any CPU.ActiveCfg = PREPROD|Any CPU
		{D63BF3CA-346E-4DD2-B702-BD438D48D03D}.PREPROD|Any CPU.Build.0 = PREPROD|Any CPU
		{D63BF3CA-346E-4DD2-B702-BD438D48D03D}.PROD|Any CPU.ActiveCfg = PROD|Any CPU
		{D63BF3CA-346E-4DD2-B702-BD438D48D03D}.PROD|Any CPU.Build.0 = PROD|Any CPU
		{D63BF3CA-346E-4DD2-B702-BD438D48D03D}.QA|Any CPU.ActiveCfg = QA|Any CPU
		{D63BF3CA-346E-4DD2-B702-BD438D48D03D}.QA|Any CPU.Build.0 = QA|Any CPU
		{D63BF3CA-346E-4DD2-B702-BD438D48D03D}.Release|Any CPU.ActiveCfg = Release|Any CPU
		{D63BF3CA-346E-4DD2-B702-BD438D48D03D}.Release|Any CPU.Build.0 = Release|Any CPU
		{D63BF3CA-346E-4DD2-B702-BD438D48D03D}.UAT|Any CPU.ActiveCfg = UAT|Any CPU
		{D63BF3CA-346E-4DD2-B702-BD438D48D03D}.UAT|Any CPU.Build.0 = UAT|Any CPU
		{1992337D-B144-4670-8259-977B7809280C}.Debug|Any CPU.ActiveCfg = Debug|Any CPU
		{1992337D-B144-4670-8259-977B7809280C}.Debug|Any CPU.Build.0 = Debug|Any CPU
		{1992337D-B144-4670-8259-977B7809280C}.DEV|Any CPU.ActiveCfg = Debug|Any CPU
		{1992337D-B144-4670-8259-977B7809280C}.DEV|Any CPU.Build.0 = Debug|Any CPU
		{1992337D-B144-4670-8259-977B7809280C}.PERF|Any CPU.ActiveCfg = PERF|Any CPU
		{1992337D-B144-4670-8259-977B7809280C}.PERF|Any CPU.Build.0 = PERF|Any CPU
		{1992337D-B144-4670-8259-977B7809280C}.PREPROD|Any CPU.ActiveCfg = Release|Any CPU
		{1992337D-B144-4670-8259-977B7809280C}.PREPROD|Any CPU.Build.0 = Release|Any CPU
		{1992337D-B144-4670-8259-977B7809280C}.PROD|Any CPU.ActiveCfg = Release|Any CPU
		{1992337D-B144-4670-8259-977B7809280C}.PROD|Any CPU.Build.0 = Release|Any CPU
		{1992337D-B144-4670-8259-977B7809280C}.QA|Any CPU.ActiveCfg = Release|Any CPU
		{1992337D-B144-4670-8259-977B7809280C}.QA|Any CPU.Build.0 = Release|Any CPU
		{1992337D-B144-4670-8259-977B7809280C}.Release|Any CPU.ActiveCfg = Release|Any CPU
		{1992337D-B144-4670-8259-977B7809280C}.Release|Any CPU.Build.0 = Release|Any CPU
		{1992337D-B144-4670-8259-977B7809280C}.UAT|Any CPU.ActiveCfg = Release|Any CPU
		{1992337D-B144-4670-8259-977B7809280C}.UAT|Any CPU.Build.0 = Release|Any CPU
	EndGlobalSection
	GlobalSection(SolutionProperties) = preSolution
		HideSolutionNode = FALSE
	EndGlobalSection
	GlobalSection(NestedProjects) = preSolution
		{78CDED73-5491-435B-AA62-E7BC6F47EC88} = {0FCB66BE-C140-47D2-A112-A568DB08CFD4}
		{FFFDCC66-B7E8-43A2-AF1E-274E40DBFB0F} = {0FCB66BE-C140-47D2-A112-A568DB08CFD4}
		{BF0EE62E-50AD-4678-A9BC-7C6B5D0D0613} = {0FCB66BE-C140-47D2-A112-A568DB08CFD4}
		{7F9261EE-441F-417F-A611-738B748A611F} = {0FCB66BE-C140-47D2-A112-A568DB08CFD4}
		{FFBB1AE9-C8FF-4F18-A447-6C98A0C99679} = {0FCB66BE-C140-47D2-A112-A568DB08CFD4}
		{EEA81807-EF65-40E1-A8EF-CB4CD4EAD5C7} = {0FCB66BE-C140-47D2-A112-A568DB08CFD4}
		{29AD1F75-443D-432C-A70A-B1996FD99FB4} = {0FCB66BE-C140-47D2-A112-A568DB08CFD4}
		{26E4A48C-DE28-404D-8797-D5CF9E8D0F5B} = {0FCB66BE-C140-47D2-A112-A568DB08CFD4}
		{D63BF3CA-346E-4DD2-B702-BD438D48D03D} = {0FCB66BE-C140-47D2-A112-A568DB08CFD4}
	EndGlobalSection
	GlobalSection(ExtensibilityGlobals) = postSolution
		SolutionGuid = {60CCB76F-5E1B-49E5-973D-1E8074FB8D81}
	EndGlobalSection
	GlobalSection(TeamFoundationVersionControl) = preSolution
		SccNumberOfProjects = 11
		SccEnterpriseProvider = {4CA58AB2-18FA-4F8D-95D4-32DDF27D184C}
		SccTeamFoundationServer = https://softuravault.visualstudio.com/
		SccProjectUniqueName0 = KBA.Common.API\\KBA.Common.API.csproj
		SccProjectName0 = KBA.Common.API
		SccAuxPath0 = https://softuravault.visualstudio.com
		SccLocalPath0 = KBA.Common.API
		SccProvider0 = {4CA58AB2-18FA-4F8D-95D4-32DDF27D184C}
		SccProjectUniqueName1 = ..\\..\\Common\\Main\\KBA.Common\\KBA.Common.Azure\\KBA.Common.Azure.csproj
		SccProjectTopLevelParentUniqueName1 = KBA.Common.API.sln
		SccProjectName1 = ../../Common/Main/KBA.Common/KBA.Common.Azure
		SccAuxPath1 = https://softuravault.visualstudio.com
		SccLocalPath1 = ..\\..\\Common\\Main\\KBA.Common\\KBA.Common.Azure
		SccProvider1 = {4CA58AB2-18FA-4F8D-95D4-32DDF27D184C}
		SccProjectUniqueName2 = ..\\..\\Common\\Main\\KBA.Common\\KBA.Common.DataAccess\\KBA.Common.DataAccess.csproj
		SccProjectTopLevelParentUniqueName2 = KBA.Common.API.sln
		SccProjectName2 = ../../Common/Main/KBA.Common/KBA.Common.DataAccess
		SccAuxPath2 = https://softuravault.visualstudio.com
		SccLocalPath2 = ..\\..\\Common\\Main\\KBA.Common\\KBA.Common.DataAccess
		SccProvider2 = {4CA58AB2-18FA-4F8D-95D4-32DDF27D184C}
		SccProjectUniqueName3 = ..\\..\\Common\\Main\\KBA.Common\\KBA.Common.Domain\\KBA.Common.Domain.csproj
		SccProjectTopLevelParentUniqueName3 = KBA.Common.API.sln
		SccProjectName3 = ../../Common/Main/KBA.Common/KBA.Common.Domain
		SccAuxPath3 = https://softuravault.visualstudio.com
		SccLocalPath3 = ..\\..\\Common\\Main\\KBA.Common\\KBA.Common.Domain
		SccProvider3 = {4CA58AB2-18FA-4F8D-95D4-32DDF27D184C}
		SccProjectUniqueName4 = ..\\..\\Common\\Main\\KBA.Common\\KBA.Common.InvitationAPI\\KBA.Common.InvitationAPI.csproj
		SccProjectTopLevelParentUniqueName4 = KBA.Common.API.sln
		SccProjectName4 = ../../Common/Main/KBA.Common/KBA.Common.InvitationAPI
		SccAuxPath4 = https://softuravault.visualstudio.com
		SccLocalPath4 = ..\\..\\Common\\Main\\KBA.Common\\KBA.Common.InvitationAPI
		SccProvider4 = {4CA58AB2-18FA-4F8D-95D4-32DDF27D184C}
		SccProjectUniqueName5 = ..\\..\\Common\\Main\\KBA.Common\\KBA.Common.Notification\\KBA.Common.Notification.csproj
		SccProjectTopLevelParentUniqueName5 = KBA.Common.API.sln
		SccProjectName5 = ../../Common/Main/KBA.Common/KBA.Common.Notification
		SccAuxPath5 = https://softuravault.visualstudio.com
		SccLocalPath5 = ..\\..\\Common\\Main\\KBA.Common\\KBA.Common.Notification
		SccProvider5 = {4CA58AB2-18FA-4F8D-95D4-32DDF27D184C}
		SccProjectUniqueName6 = ..\\..\\Common\\Main\\KBA.Common\\KBA.Common.UserInactivation\\KBA.Common.UserInactivation.csproj
		SccProjectTopLevelParentUniqueName6 = KBA.Common.API.sln
		SccProjectName6 = ../../Common/Main/KBA.Common/KBA.Common.UserInactivation
		SccAuxPath6 = https://softuravault.visualstudio.com
		SccLocalPath6 = ..\\..\\Common\\Main\\KBA.Common\\KBA.Common.UserInactivation
		SccProvider6 = {4CA58AB2-18FA-4F8D-95D4-32DDF27D184C}
		SccProjectUniqueName7 = ..\\..\\Common\\Main\\KBA.Common\\KBA.Common.UserInactivationBusiness\\KBA.Common.UserInactivationBusiness.csproj
		SccProjectTopLevelParentUniqueName7 = KBA.Common.API.sln
		SccProjectName7 = ../../Common/Main/KBA.Common/KBA.Common.UserInactivationBusiness
		SccAuxPath7 = https://softuravault.visualstudio.com
		SccLocalPath7 = ..\\..\\Common\\Main\\KBA.Common\\KBA.Common.UserInactivationBusiness
		SccProvider7 = {4CA58AB2-18FA-4F8D-95D4-32DDF27D184C}
		SccProjectUniqueName8 = ..\\..\\Common\\Main\\KBA.Common\\KBA.Common.Utilities\\KBA.Common.Utilities.csproj
		SccProjectTopLevelParentUniqueName8 = KBA.Common.API.sln
		SccProjectName8 = ../../Common/Main/KBA.Common/KBA.Common.Utilities
		SccAuxPath8 = https://softuravault.visualstudio.com
		SccLocalPath8 = ..\\..\\Common\\Main\\KBA.Common\\KBA.Common.Utilities
		SccProvider8 = {4CA58AB2-18FA-4F8D-95D4-32DDF27D184C}
		SccProjectUniqueName9 = ..\\..\\Common\\Main\\KBA.Common\\KBA.Common.Framework\\KBA.Common.Framework.csproj
		SccProjectTopLevelParentUniqueName9 = KBA.Common.API.sln
		SccProjectName9 = ../../Common/Main/KBA.Common/KBA.Common.Framework
		SccAuxPath9 = https://softuravault.visualstudio.com
		SccLocalPath9 = ..\\..\\Common\\Main\\KBA.Common\\KBA.Common.Framework
		SccProvider9 = {4CA58AB2-18FA-4F8D-95D4-32DDF27D184C}
		SccProjectUniqueName10 = KBA.Common.API.Tests\\KBA.Common.API.Tests.csproj
		SccProjectName10 = KBA.Common.API.Tests
		SccAuxPath10 = https://softuravault.visualstudio.com
		SccLocalPath10 = KBA.Common.API.Tests
		SccProvider10 = {4CA58AB2-18FA-4F8D-95D4-32DDF27D184C}
	EndGlobalSection
	GlobalSection(TeamFoundationVersionControl) = preSolution
		SccNumberOfProjects = 10
		SccEnterpriseProvider = {4CA58AB2-18FA-4F8D-95D4-32DDF27D184C}
		SccTeamFoundationServer = https://softuravault.visualstudio.com/
		SccProjectUniqueName0 = KBA.Common.API\\KBA.Common.API.csproj
		SccProjectName0 = KBA.Common.API
		SccAuxPath0 = https://softuravault.visualstudio.com
		SccLocalPath0 = KBA.Common.API
		SccProvider0 = {4CA58AB2-18FA-4F8D-95D4-32DDF27D184C}
		SccProjectUniqueName1 = ..\\..\\Common\\Main\\KBA.Common\\KBA.Common.Azure\\KBA.Common.Azure.csproj
		SccProjectTopLevelParentUniqueName1 = KBA.Common.API.sln
		SccProjectName1 = ../../Common/Main/KBA.Common/KBA.Common.Azure
		SccAuxPath1 = https://softuravault.visualstudio.com
		SccLocalPath1 = ..\\..\\Common\\Main\\KBA.Common\\KBA.Common.Azure
		SccProvider1 = {4CA58AB2-18FA-4F8D-95D4-32DDF27D184C}
		SccProjectUniqueName2 = ..\\..\\Common\\Main\\KBA.Common\\KBA.Common.DataAccess\\KBA.Common.DataAccess.csproj
		SccProjectTopLevelParentUniqueName2 = KBA.Common.API.sln
		SccProjectName2 = ../../Common/Main/KBA.Common/KBA.Common.DataAccess
		SccAuxPath2 = https://softuravault.visualstudio.com
		SccLocalPath2 = ..\\..\\Common\\Main\\KBA.Common\\KBA.Common.DataAccess
		SccProvider2 = {4CA58AB2-18FA-4F8D-95D4-32DDF27D184C}
		SccProjectUniqueName3 = ..\\..\\Common\\Main\\KBA.Common\\KBA.Common.Domain\\KBA.Common.Domain.csproj
		SccProjectTopLevelParentUniqueName3 = KBA.Common.API.sln
		SccProjectName3 = ../../Common/Main/KBA.Common/KBA.Common.Domain
		SccAuxPath3 = https://softuravault.visualstudio.com
		SccLocalPath3 = ..\\..\\Common\\Main\\KBA.Common\\KBA.Common.Domain
		SccProvider3 = {4CA58AB2-18FA-4F8D-95D4-32DDF27D184C}
		SccProjectUniqueName4 = ..\\..\\Common\\Main\\KBA.Common\\KBA.Common.InvitationAPI\\KBA.Common.InvitationAPI.csproj
		SccProjectTopLevelParentUniqueName4 = KBA.Common.API.sln
		SccProjectName4 = ../../Common/Main/KBA.Common/KBA.Common.InvitationAPI
		SccAuxPath4 = https://softuravault.visualstudio.com
		SccLocalPath4 = ..\\..\\Common\\Main\\KBA.Common\\KBA.Common.InvitationAPI
		SccProvider4 = {4CA58AB2-18FA-4F8D-95D4-32DDF27D184C}
		SccProjectUniqueName5 = ..\\..\\Common\\Main\\KBA.Common\\KBA.Common.Notification\\KBA.Common.Notification.csproj
		SccProjectTopLevelParentUniqueName5 = KBA.Common.API.sln
		SccProjectName5 = ../../Common/Main/KBA.Common/KBA.Common.Notification
		SccAuxPath5 = https://softuravault.visualstudio.com
		SccLocalPath5 = ..\\..\\Common\\Main\\KBA.Common\\KBA.Common.Notification
		SccProvider5 = {4CA58AB2-18FA-4F8D-95D4-32DDF27D184C}
		SccProjectUniqueName6 = ..\\..\\Common\\Main\\KBA.Common\\KBA.Common.UserInactivation\\KBA.Common.UserInactivation.csproj
		SccProjectTopLevelParentUniqueName6 = KBA.Common.API.sln
		SccProjectName6 = ../../Common/Main/KBA.Common/KBA.Common.UserInactivation
		SccAuxPath6 = https://softuravault.visualstudio.com
		SccLocalPath6 = ..\\..\\Common\\Main\\KBA.Common\\KBA.Common.UserInactivation
		SccProvider6 = {4CA58AB2-18FA-4F8D-95D4-32DDF27D184C}
		SccProjectUniqueName7 = ..\\..\\Common\\Main\\KBA.Common\\KBA.Common.UserInactivationBusiness\\KBA.Common.UserInactivationBusiness.csproj
		SccProjectTopLevelParentUniqueName7 = KBA.Common.API.sln
		SccProjectName7 = ../../Common/Main/KBA.Common/KBA.Common.UserInactivationBusiness
		SccAuxPath7 = https://softuravault.visualstudio.com
		SccLocalPath7 = ..\\..\\Common\\Main\\KBA.Common\\KBA.Common.UserInactivationBusiness
		SccProvider7 = {4CA58AB2-18FA-4F8D-95D4-32DDF27D184C}
		SccProjectUniqueName8 = ..\\..\\Common\\Main\\KBA.Common\\KBA.Common.Utilities\\KBA.Common.Utilities.csproj
		SccProjectTopLevelParentUniqueName8 = KBA.Common.API.sln
		SccProjectName8 = ../../Common/Main/KBA.Common/KBA.Common.Utilities
		SccAuxPath8 = https://softuravault.visualstudio.com
		SccLocalPath8 = ..\\..\\Common\\Main\\KBA.Common\\KBA.Common.Utilities
		SccProvider8 = {4CA58AB2-18FA-4F8D-95D4-32DDF27D184C}
		SccProjectUniqueName9 = ..\\..\\Common\\Main\\KBA.Common\\KBA.Common.Framework\\KBA.Common.Framework.csproj
		SccProjectTopLevelParentUniqueName9 = KBA.Common.API.sln
		SccProjectName9 = ../../Common/Main/KBA.Common/KBA.Common.Framework
		SccAuxPath9 = https://softuravault.visualstudio.com
		SccLocalPath9 = ..\\..\\Common\\Main\\KBA.Common\\KBA.Common.Framework
		SccProvider9 = {4CA58AB2-18FA-4F8D-95D4-32DDF27D184C}		
	EndGlobalSection
EndGlobal
