
Microsoft Visual Studio Solution File, Format Version 12.00
# Visual Studio 15
VisualStudioVersion = 15.0.28307.645
MinimumVisualStudioVersion = 10.0.40219.1
Project("{FAE04EC0-301F-11D3-BF4B-00C04F79EFBC}") = "KBA.Administration.API", "KBA.Administration.API\KBA.Administration.API.csproj", "{D432F655-DC69-460E-8D3B-D344D1806B60}"
EndProject
Project("{FAE04EC0-301F-11D3-BF4B-00C04F79EFBC}") = "KBA.Administration.Business", "KBA.Administration.Business\KBA.Administration.Business.csproj", "{75B2B229-424A-40A9-A790-A90C49C7445C}"
EndProject
Project("{FAE04EC0-301F-11D3-BF4B-00C04F79EFBC}") = "KBA.Administration.Common", "KBA.Administration.Common\KBA.Administration.Common.csproj", "{07FCB480-8465-4A05-9618-E3B85F203DC9}"
EndProject
Project("{FAE04EC0-301F-11D3-BF4B-00C04F79EFBC}") = "KBA.Administration.DataAccess", "KBA.Administration.DataAccess\KBA.Administration.DataAccess.csproj", "{CF325F28-99B2-4DE4-9436-C5C52C28AF41}"
	ProjectSection(ProjectDependencies) = postProject
		{07FCB480-8465-4A05-9618-E3B85F203DC9} = {07FCB480-8465-4A05-9618-E3B85F203DC9}
		{26E4A48C-DE28-404D-8797-D5CF9E8D0F5B} = {26E4A48C-DE28-404D-8797-D5CF9E8D0F5B}
	EndProjectSection
EndProject
Project("{FAE04EC0-301F-11D3-BF4B-00C04F79EFBC}") = "KBA.Administration.Domain", "KBA.Administration.Domain\KBA.Administration.Domain.csproj", "{BDBA9BB3-995D-4224-846A-F08D0B07CD18}"
EndProject
Project("{2150E333-8FDC-42A3-9474-1A3956D46DE8}") = "KBA.Common", "KBA.Common", "{1DE27C66-6922-4C28-A207-B219175D77B8}"
EndProject
Project("{FAE04EC0-301F-11D3-BF4B-00C04F79EFBC}") = "KBA.Common.Azure", "..\..\..\Common\Main\KBA.Common\KBA.Common.Azure\KBA.Common.Azure.csproj", "{78CDED73-5491-435B-AA62-E7BC6F47EC88}"
EndProject
Project("{FAE04EC0-301F-11D3-BF4B-00C04F79EFBC}") = "KBA.Common.DataAccess", "..\..\..\Common\Main\KBA.Common\KBA.Common.DataAccess\KBA.Common.DataAccess.csproj", "{FFFDCC66-B7E8-43A2-AF1E-274E40DBFB0F}"
EndProject
Project("{FAE04EC0-301F-11D3-BF4B-00C04F79EFBC}") = "KBA.Common.Domain", "..\..\..\Common\Main\KBA.Common\KBA.Common.Domain\KBA.Common.Domain.csproj", "{BF0EE62E-50AD-4678-A9BC-7C6B5D0D0613}"
EndProject
Project("{FAE04EC0-301F-11D3-BF4B-00C04F79EFBC}") = "KBA.Common.InvitationAPI", "..\..\..\Common\Main\KBA.Common\KBA.Common.InvitationAPI\KBA.Common.InvitationAPI.csproj", "{7F9261EE-441F-417F-A611-738B748A611F}"
EndProject
Project("{FAE04EC0-301F-11D3-BF4B-00C04F79EFBC}") = "KBA.Common.Notification", "..\..\..\Common\Main\KBA.Common\KBA.Common.Notification\KBA.Common.Notification.csproj", "{FFBB1AE9-C8FF-4F18-A447-6C98A0C99679}"
EndProject
Project("{FAE04EC0-301F-11D3-BF4B-00C04F79EFBC}") = "KBA.Common.UserInactivation", "..\..\..\Common\Main\KBA.Common\KBA.Common.UserInactivation\KBA.Common.UserInactivation.csproj", "{EEA81807-EF65-40E1-A8EF-CB4CD4EAD5C7}"
EndProject
Project("{FAE04EC0-301F-11D3-BF4B-00C04F79EFBC}") = "KBA.Common.UserInactivationBusiness", "..\..\..\Common\Main\KBA.Common\KBA.Common.UserInactivationBusiness\KBA.Common.UserInactivationBusiness.csproj", "{29AD1F75-443D-432C-A70A-B1996FD99FB4}"
EndProject
Project("{FAE04EC0-301F-11D3-BF4B-00C04F79EFBC}") = "KBA.Common.Utilities", "..\..\..\Common\Main\KBA.Common\KBA.Common.Utilities\KBA.Common.Utilities.csproj", "{26E4A48C-DE28-404D-8797-D5CF9E8D0F5B}"
EndProject
Project("{FAE04EC0-301F-11D3-BF4B-00C04F79EFBC}") = "KBA.Common.Framework", "..\..\..\Common\Main\KBA.Common\KBA.Common.Framework\KBA.Common.Framework.csproj", "{D63BF3CA-346E-4DD2-B702-BD438D48D03D}"
EndProject
Project("{FAE04EC0-301F-11D3-BF4B-00C04F79EFBC}") = "KBA.Administration.Web", "KBA.Administration.Web\KBA.Administration.Web.csproj", "{AB216C38-15B6-4752-8D3A-2ADDD64D9F2B}"
EndProject
Project("{FAE04EC0-301F-11D3-BF4B-00C04F79EFBC}") = "KBA.Administration.Test", "KBA.Administration.Test\KBA.Administration.Test.csproj", "{E19D48BB-1AAF-4CF4-9DD8-CF49AF748EAE}"
EndProject
Project("{FAE04EC0-301F-11D3-BF4B-00C04F79EFBC}") = "KBA.Administration.Web.Tests", "KBA.Administration.Web.Tests\KBA.Administration.Web.Tests.csproj", "{867EA7BB-771F-40F7-ACA3-86F90630DBF2}"
EndProject
Project("{FAE04EC0-301F-11D3-BF4B-00C04F79EFBC}") = "KBA.Administration.API.Tests", "KBA.Administration.API.Tests\KBA.Administration.API.Tests.csproj", "{1992337D-B144-4670-8259-977B7809280C}"
EndProject
Project("{2150E333-8FDC-42A3-9474-1A3956D46DE8}") = "Solution Items", "Solution Items", "{60F91E92-DC16-49F4-9176-5AD2538AB76D}"
	ProjectSection(SolutionItems) = preProject
		nuget.config = nuget.config
	EndProjectSection
EndProject
Project("{FAE04EC0-301F-11D3-BF4B-00C04F79EFBC}") = "CosmosDb", "CosmosDb\CosmosDb.csproj", "{3FDEA2B8-9471-4322-B9E9-3E07E8186615}"
EndProject
Global
	GlobalSection(SolutionConfigurationPlatforms) = preSolution
		Debug|Any CPU = Debug|Any CPU
		DEV|Any CPU = DEV|Any CPU
		PERF|Any CPU = PERF|Any CPU
		PREPROD|Any CPU = PREPROD|Any CPU
		PROD|Any CPU = PROD|Any CPU
		QA|Any CPU = QA|Any CPU
		Release|Any CPU = Release|Any CPU
		UAT|Any CPU = UAT|Any CPU
	EndGlobalSection
	GlobalSection(ProjectConfigurationPlatforms) = postSolution
		{D432F655-DC69-460E-8D3B-D344D1806B60}.Debug|Any CPU.ActiveCfg = Debug|Any CPU
		{D432F655-DC69-460E-8D3B-D344D1806B60}.Debug|Any CPU.Build.0 = Debug|Any CPU
		{D432F655-DC69-460E-8D3B-D344D1806B60}.DEV|Any CPU.ActiveCfg = DEV|Any CPU
		{D432F655-DC69-460E-8D3B-D344D1806B60}.DEV|Any CPU.Build.0 = DEV|Any CPU
		{D432F655-DC69-460E-8D3B-D344D1806B60}.PERF|Any CPU.ActiveCfg = PERF|Any CPU
		{D432F655-DC69-460E-8D3B-D344D1806B60}.PERF|Any CPU.Build.0 = PERF|Any CPU
		{D432F655-DC69-460E-8D3B-D344D1806B60}.PREPROD|Any CPU.ActiveCfg = PREPROD|Any CPU
		{D432F655-DC69-460E-8D3B-D344D1806B60}.PREPROD|Any CPU.Build.0 = PREPROD|Any CPU
		{D432F655-DC69-460E-8D3B-D344D1806B60}.PROD|Any CPU.ActiveCfg = PROD|Any CPU
		{D432F655-DC69-460E-8D3B-D344D1806B60}.PROD|Any CPU.Build.0 = PROD|Any CPU
		{D432F655-DC69-460E-8D3B-D344D1806B60}.QA|Any CPU.ActiveCfg = QA|Any CPU
		{D432F655-DC69-460E-8D3B-D344D1806B60}.QA|Any CPU.Build.0 = QA|Any CPU
		{D432F655-DC69-460E-8D3B-D344D1806B60}.Release|Any CPU.ActiveCfg = Release|Any CPU
		{D432F655-DC69-460E-8D3B-D344D1806B60}.Release|Any CPU.Build.0 = Release|Any CPU
		{D432F655-DC69-460E-8D3B-D344D1806B60}.UAT|Any CPU.ActiveCfg = UAT|Any CPU
		{D432F655-DC69-460E-8D3B-D344D1806B60}.UAT|Any CPU.Build.0 = UAT|Any CPU
		{75B2B229-424A-40A9-A790-A90C49C7445C}.Debug|Any CPU.ActiveCfg = Debug|Any CPU
		{75B2B229-424A-40A9-A790-A90C49C7445C}.Debug|Any CPU.Build.0 = Debug|Any CPU
		{75B2B229-424A-40A9-A790-A90C49C7445C}.DEV|Any CPU.ActiveCfg = DEV|Any CPU
		{75B2B229-424A-40A9-A790-A90C49C7445C}.DEV|Any CPU.Build.0 = DEV|Any CPU
		{75B2B229-424A-40A9-A790-A90C49C7445C}.PERF|Any CPU.ActiveCfg = PERF|Any CPU
		{75B2B229-424A-40A9-A790-A90C49C7445C}.PERF|Any CPU.Build.0 = PERF|Any CPU
		{75B2B229-424A-40A9-A790-A90C49C7445C}.PREPROD|Any CPU.ActiveCfg = PREPROD|Any CPU
		{75B2B229-424A-40A9-A790-A90C49C7445C}.PREPROD|Any CPU.Build.0 = PREPROD|Any CPU
		{75B2B229-424A-40A9-A790-A90C49C7445C}.PROD|Any CPU.ActiveCfg = PREPROD|Any CPU
		{75B2B229-424A-40A9-A790-A90C49C7445C}.PROD|Any CPU.Build.0 = PREPROD|Any CPU
		{75B2B229-424A-40A9-A790-A90C49C7445C}.QA|Any CPU.ActiveCfg = QA|Any CPU
		{75B2B229-424A-40A9-A790-A90C49C7445C}.QA|Any CPU.Build.0 = QA|Any CPU
		{75B2B229-424A-40A9-A790-A90C49C7445C}.Release|Any CPU.ActiveCfg = Release|Any CPU
		{75B2B229-424A-40A9-A790-A90C49C7445C}.Release|Any CPU.Build.0 = Release|Any CPU
		{75B2B229-424A-40A9-A790-A90C49C7445C}.UAT|Any CPU.ActiveCfg = UAT|Any CPU
		{75B2B229-424A-40A9-A790-A90C49C7445C}.UAT|Any CPU.Build.0 = UAT|Any CPU
		{07FCB480-8465-4A05-9618-E3B85F203DC9}.Debug|Any CPU.ActiveCfg = Debug|Any CPU
		{07FCB480-8465-4A05-9618-E3B85F203DC9}.Debug|Any CPU.Build.0 = Debug|Any CPU
		{07FCB480-8465-4A05-9618-E3B85F203DC9}.DEV|Any CPU.ActiveCfg = DEV|Any CPU
		{07FCB480-8465-4A05-9618-E3B85F203DC9}.DEV|Any CPU.Build.0 = DEV|Any CPU
		{07FCB480-8465-4A05-9618-E3B85F203DC9}.PERF|Any CPU.ActiveCfg = PERF|Any CPU
		{07FCB480-8465-4A05-9618-E3B85F203DC9}.PERF|Any CPU.Build.0 = PERF|Any CPU
		{07FCB480-8465-4A05-9618-E3B85F203DC9}.PREPROD|Any CPU.ActiveCfg = PREPROD|Any CPU
		{07FCB480-8465-4A05-9618-E3B85F203DC9}.PREPROD|Any CPU.Build.0 = PREPROD|Any CPU
		{07FCB480-8465-4A05-9618-E3B85F203DC9}.PROD|Any CPU.ActiveCfg = PREPROD|Any CPU
		{07FCB480-8465-4A05-9618-E3B85F203DC9}.PROD|Any CPU.Build.0 = PREPROD|Any CPU
		{07FCB480-8465-4A05-9618-E3B85F203DC9}.QA|Any CPU.ActiveCfg = QA|Any CPU
		{07FCB480-8465-4A05-9618-E3B85F203DC9}.QA|Any CPU.Build.0 = QA|Any CPU
		{07FCB480-8465-4A05-9618-E3B85F203DC9}.Release|Any CPU.ActiveCfg = Release|Any CPU
		{07FCB480-8465-4A05-9618-E3B85F203DC9}.Release|Any CPU.Build.0 = Release|Any CPU
		{07FCB480-8465-4A05-9618-E3B85F203DC9}.UAT|Any CPU.ActiveCfg = UAT|Any CPU
		{07FCB480-8465-4A05-9618-E3B85F203DC9}.UAT|Any CPU.Build.0 = UAT|Any CPU
		{CF325F28-99B2-4DE4-9436-C5C52C28AF41}.Debug|Any CPU.ActiveCfg = Debug|Any CPU
		{CF325F28-99B2-4DE4-9436-C5C52C28AF41}.Debug|Any CPU.Build.0 = Debug|Any CPU
		{CF325F28-99B2-4DE4-9436-C5C52C28AF41}.DEV|Any CPU.ActiveCfg = DEV|Any CPU
		{CF325F28-99B2-4DE4-9436-C5C52C28AF41}.DEV|Any CPU.Build.0 = DEV|Any CPU
		{CF325F28-99B2-4DE4-9436-C5C52C28AF41}.PERF|Any CPU.ActiveCfg = PERF|Any CPU
		{CF325F28-99B2-4DE4-9436-C5C52C28AF41}.PERF|Any CPU.Build.0 = PERF|Any CPU
		{CF325F28-99B2-4DE4-9436-C5C52C28AF41}.PREPROD|Any CPU.ActiveCfg = PREPROD|Any CPU
		{CF325F28-99B2-4DE4-9436-C5C52C28AF41}.PREPROD|Any CPU.Build.0 = PREPROD|Any CPU
		{CF325F28-99B2-4DE4-9436-C5C52C28AF41}.PROD|Any CPU.ActiveCfg = PREPROD|Any CPU
		{CF325F28-99B2-4DE4-9436-C5C52C28AF41}.PROD|Any CPU.Build.0 = PREPROD|Any CPU
		{CF325F28-99B2-4DE4-9436-C5C52C28AF41}.QA|Any CPU.ActiveCfg = QA|Any CPU
		{CF325F28-99B2-4DE4-9436-C5C52C28AF41}.QA|Any CPU.Build.0 = QA|Any CPU
		{CF325F28-99B2-4DE4-9436-C5C52C28AF41}.Release|Any CPU.ActiveCfg = Release|Any CPU
		{CF325F28-99B2-4DE4-9436-C5C52C28AF41}.Release|Any CPU.Build.0 = Release|Any CPU
		{CF325F28-99B2-4DE4-9436-C5C52C28AF41}.UAT|Any CPU.ActiveCfg = UAT|Any CPU
		{CF325F28-99B2-4DE4-9436-C5C52C28AF41}.UAT|Any CPU.Build.0 = UAT|Any CPU
		{BDBA9BB3-995D-4224-846A-F08D0B07CD18}.Debug|Any CPU.ActiveCfg = Debug|Any CPU
		{BDBA9BB3-995D-4224-846A-F08D0B07CD18}.Debug|Any CPU.Build.0 = Debug|Any CPU
		{BDBA9BB3-995D-4224-846A-F08D0B07CD18}.DEV|Any CPU.ActiveCfg = DEV|Any CPU
		{BDBA9BB3-995D-4224-846A-F08D0B07CD18}.DEV|Any CPU.Build.0 = DEV|Any CPU
		{BDBA9BB3-995D-4224-846A-F08D0B07CD18}.PERF|Any CPU.ActiveCfg = PERF|Any CPU
		{BDBA9BB3-995D-4224-846A-F08D0B07CD18}.PERF|Any CPU.Build.0 = PERF|Any CPU
		{BDBA9BB3-995D-4224-846A-F08D0B07CD18}.PREPROD|Any CPU.ActiveCfg = PREPROD|Any CPU
		{BDBA9BB3-995D-4224-846A-F08D0B07CD18}.PREPROD|Any CPU.Build.0 = PREPROD|Any CPU
		{BDBA9BB3-995D-4224-846A-F08D0B07CD18}.PROD|Any CPU.ActiveCfg = PREPROD|Any CPU
		{BDBA9BB3-995D-4224-846A-F08D0B07CD18}.PROD|Any CPU.Build.0 = PREPROD|Any CPU
		{BDBA9BB3-995D-4224-846A-F08D0B07CD18}.QA|Any CPU.ActiveCfg = QA|Any CPU
		{BDBA9BB3-995D-4224-846A-F08D0B07CD18}.QA|Any CPU.Build.0 = QA|Any CPU
		{BDBA9BB3-995D-4224-846A-F08D0B07CD18}.Release|Any CPU.ActiveCfg = Release|Any CPU
		{BDBA9BB3-995D-4224-846A-F08D0B07CD18}.Release|Any CPU.Build.0 = Release|Any CPU
		{BDBA9BB3-995D-4224-846A-F08D0B07CD18}.UAT|Any CPU.ActiveCfg = UAT|Any CPU
		{BDBA9BB3-995D-4224-846A-F08D0B07CD18}.UAT|Any CPU.Build.0 = UAT|Any CPU
		{78CDED73-5491-435B-AA62-E7BC6F47EC88}.Debug|Any CPU.ActiveCfg = Debug|Any CPU
		{78CDED73-5491-435B-AA62-E7BC6F47EC88}.Debug|Any CPU.Build.0 = Debug|Any CPU
		{78CDED73-5491-435B-AA62-E7BC6F47EC88}.DEV|Any CPU.ActiveCfg = DEV|Any CPU
		{78CDED73-5491-435B-AA62-E7BC6F47EC88}.DEV|Any CPU.Build.0 = DEV|Any CPU
		{78CDED73-5491-435B-AA62-E7BC6F47EC88}.PERF|Any CPU.ActiveCfg = PERF|Any CPU
		{78CDED73-5491-435B-AA62-E7BC6F47EC88}.PERF|Any CPU.Build.0 = PERF|Any CPU
		{78CDED73-5491-435B-AA62-E7BC6F47EC88}.PREPROD|Any CPU.ActiveCfg = PREPROD|Any CPU
		{78CDED73-5491-435B-AA62-E7BC6F47EC88}.PREPROD|Any CPU.Build.0 = PREPROD|Any CPU
		{78CDED73-5491-435B-AA62-E7BC6F47EC88}.PROD|Any CPU.ActiveCfg = PREPROD|Any CPU
		{78CDED73-5491-435B-AA62-E7BC6F47EC88}.PROD|Any CPU.Build.0 = PREPROD|Any CPU
		{78CDED73-5491-435B-AA62-E7BC6F47EC88}.QA|Any CPU.ActiveCfg = QA|Any CPU
		{78CDED73-5491-435B-AA62-E7BC6F47EC88}.QA|Any CPU.Build.0 = QA|Any CPU
		{78CDED73-5491-435B-AA62-E7BC6F47EC88}.Release|Any CPU.ActiveCfg = Release|Any CPU
		{78CDED73-5491-435B-AA62-E7BC6F47EC88}.Release|Any CPU.Build.0 = Release|Any CPU
		{78CDED73-5491-435B-AA62-E7BC6F47EC88}.UAT|Any CPU.ActiveCfg = UAT|Any CPU
		{78CDED73-5491-435B-AA62-E7BC6F47EC88}.UAT|Any CPU.Build.0 = UAT|Any CPU
		{FFFDCC66-B7E8-43A2-AF1E-274E40DBFB0F}.Debug|Any CPU.ActiveCfg = Debug|Any CPU
		{FFFDCC66-B7E8-43A2-AF1E-274E40DBFB0F}.Debug|Any CPU.Build.0 = Debug|Any CPU
		{FFFDCC66-B7E8-43A2-AF1E-274E40DBFB0F}.DEV|Any CPU.ActiveCfg = DEV|Any CPU
		{FFFDCC66-B7E8-43A2-AF1E-274E40DBFB0F}.DEV|Any CPU.Build.0 = DEV|Any CPU
		{FFFDCC66-B7E8-43A2-AF1E-274E40DBFB0F}.PERF|Any CPU.ActiveCfg = PERF|Any CPU
		{FFFDCC66-B7E8-43A2-AF1E-274E40DBFB0F}.PERF|Any CPU.Build.0 = PERF|Any CPU
		{FFFDCC66-B7E8-43A2-AF1E-274E40DBFB0F}.PREPROD|Any CPU.ActiveCfg = PREPROD|Any CPU
		{FFFDCC66-B7E8-43A2-AF1E-274E40DBFB0F}.PREPROD|Any CPU.Build.0 = PREPROD|Any CPU
		{FFFDCC66-B7E8-43A2-AF1E-274E40DBFB0F}.PROD|Any CPU.ActiveCfg = PROD|Any CPU
		{FFFDCC66-B7E8-43A2-AF1E-274E40DBFB0F}.PROD|Any CPU.Build.0 = PROD|Any CPU
		{FFFDCC66-B7E8-43A2-AF1E-274E40DBFB0F}.QA|Any CPU.ActiveCfg = QA|Any CPU
		{FFFDCC66-B7E8-43A2-AF1E-274E40DBFB0F}.QA|Any CPU.Build.0 = QA|Any CPU
		{FFFDCC66-B7E8-43A2-AF1E-274E40DBFB0F}.Release|Any CPU.ActiveCfg = Release|Any CPU
		{FFFDCC66-B7E8-43A2-AF1E-274E40DBFB0F}.Release|Any CPU.Build.0 = Release|Any CPU
		{FFFDCC66-B7E8-43A2-AF1E-274E40DBFB0F}.UAT|Any CPU.ActiveCfg = UAT|Any CPU
		{FFFDCC66-B7E8-43A2-AF1E-274E40DBFB0F}.UAT|Any CPU.Build.0 = UAT|Any CPU
		{BF0EE62E-50AD-4678-A9BC-7C6B5D0D0613}.Debug|Any CPU.ActiveCfg = Debug|Any CPU
		{BF0EE62E-50AD-4678-A9BC-7C6B5D0D0613}.Debug|Any CPU.Build.0 = Debug|Any CPU
		{BF0EE62E-50AD-4678-A9BC-7C6B5D0D0613}.DEV|Any CPU.ActiveCfg = DEV|Any CPU
		{BF0EE62E-50AD-4678-A9BC-7C6B5D0D0613}.DEV|Any CPU.Build.0 = DEV|Any CPU
		{BF0EE62E-50AD-4678-A9BC-7C6B5D0D0613}.PERF|Any CPU.ActiveCfg = PERF|Any CPU
		{BF0EE62E-50AD-4678-A9BC-7C6B5D0D0613}.PERF|Any CPU.Build.0 = PERF|Any CPU
		{BF0EE62E-50AD-4678-A9BC-7C6B5D0D0613}.PREPROD|Any CPU.ActiveCfg = PREPROD|Any CPU
		{BF0EE62E-50AD-4678-A9BC-7C6B5D0D0613}.PREPROD|Any CPU.Build.0 = PREPROD|Any CPU
		{BF0EE62E-50AD-4678-A9BC-7C6B5D0D0613}.PROD|Any CPU.ActiveCfg = PROD|Any CPU
		{BF0EE62E-50AD-4678-A9BC-7C6B5D0D0613}.PROD|Any CPU.Build.0 = PROD|Any CPU
		{BF0EE62E-50AD-4678-A9BC-7C6B5D0D0613}.QA|Any CPU.ActiveCfg = QA|Any CPU
		{BF0EE62E-50AD-4678-A9BC-7C6B5D0D0613}.QA|Any CPU.Build.0 = QA|Any CPU
		{BF0EE62E-50AD-4678-A9BC-7C6B5D0D0613}.Release|Any CPU.ActiveCfg = Release|Any CPU
		{BF0EE62E-50AD-4678-A9BC-7C6B5D0D0613}.Release|Any CPU.Build.0 = Release|Any CPU
		{BF0EE62E-50AD-4678-A9BC-7C6B5D0D0613}.UAT|Any CPU.ActiveCfg = UAT|Any CPU
		{BF0EE62E-50AD-4678-A9BC-7C6B5D0D0613}.UAT|Any CPU.Build.0 = UAT|Any CPU
		{7F9261EE-441F-417F-A611-738B748A611F}.Debug|Any CPU.ActiveCfg = Debug|Any CPU
		{7F9261EE-441F-417F-A611-738B748A611F}.Debug|Any CPU.Build.0 = Debug|Any CPU
		{7F9261EE-441F-417F-A611-738B748A611F}.DEV|Any CPU.ActiveCfg = DEV|Any CPU
		{7F9261EE-441F-417F-A611-738B748A611F}.DEV|Any CPU.Build.0 = DEV|Any CPU
		{7F9261EE-441F-417F-A611-738B748A611F}.PERF|Any CPU.ActiveCfg = PERF|Any CPU
		{7F9261EE-441F-417F-A611-738B748A611F}.PERF|Any CPU.Build.0 = PERF|Any CPU
		{7F9261EE-441F-417F-A611-738B748A611F}.PREPROD|Any CPU.ActiveCfg = PREPROD|Any CPU
		{7F9261EE-441F-417F-A611-738B748A611F}.PREPROD|Any CPU.Build.0 = PREPROD|Any CPU
		{7F9261EE-441F-417F-A611-738B748A611F}.PROD|Any CPU.ActiveCfg = PROD|Any CPU
		{7F9261EE-441F-417F-A611-738B748A611F}.PROD|Any CPU.Build.0 = PROD|Any CPU
		{7F9261EE-441F-417F-A611-738B748A611F}.QA|Any CPU.ActiveCfg = QA|Any CPU
		{7F9261EE-441F-417F-A611-738B748A611F}.QA|Any CPU.Build.0 = QA|Any CPU
		{7F9261EE-441F-417F-A611-738B748A611F}.Release|Any CPU.ActiveCfg = Release|Any CPU
		{7F9261EE-441F-417F-A611-738B748A611F}.Release|Any CPU.Build.0 = Release|Any CPU
		{7F9261EE-441F-417F-A611-738B748A611F}.UAT|Any CPU.ActiveCfg = UAT|Any CPU
		{7F9261EE-441F-417F-A611-738B748A611F}.UAT|Any CPU.Build.0 = UAT|Any CPU
		{FFBB1AE9-C8FF-4F18-A447-6C98A0C99679}.Debug|Any CPU.ActiveCfg = Debug|Any CPU
		{FFBB1AE9-C8FF-4F18-A447-6C98A0C99679}.Debug|Any CPU.Build.0 = Debug|Any CPU
		{FFBB1AE9-C8FF-4F18-A447-6C98A0C99679}.DEV|Any CPU.ActiveCfg = DEV|Any CPU
		{FFBB1AE9-C8FF-4F18-A447-6C98A0C99679}.DEV|Any CPU.Build.0 = DEV|Any CPU
		{FFBB1AE9-C8FF-4F18-A447-6C98A0C99679}.PERF|Any CPU.ActiveCfg = PERF|Any CPU
		{FFBB1AE9-C8FF-4F18-A447-6C98A0C99679}.PERF|Any CPU.Build.0 = PERF|Any CPU
		{FFBB1AE9-C8FF-4F18-A447-6C98A0C99679}.PREPROD|Any CPU.ActiveCfg = PREPROD|Any CPU
		{FFBB1AE9-C8FF-4F18-A447-6C98A0C99679}.PREPROD|Any CPU.Build.0 = PREPROD|Any CPU
		{FFBB1AE9-C8FF-4F18-A447-6C98A0C99679}.PROD|Any CPU.ActiveCfg = PROD|Any CPU
		{FFBB1AE9-C8FF-4F18-A447-6C98A0C99679}.PROD|Any CPU.Build.0 = PROD|Any CPU
		{FFBB1AE9-C8FF-4F18-A447-6C98A0C99679}.QA|Any CPU.ActiveCfg = QA|Any CPU
		{FFBB1AE9-C8FF-4F18-A447-6C98A0C99679}.QA|Any CPU.Build.0 = QA|Any CPU
		{FFBB1AE9-C8FF-4F18-A447-6C98A0C99679}.Release|Any CPU.ActiveCfg = Release|Any CPU
		{FFBB1AE9-C8FF-4F18-A447-6C98A0C99679}.Release|Any CPU.Build.0 = Release|Any CPU
		{FFBB1AE9-C8FF-4F18-A447-6C98A0C99679}.UAT|Any CPU.ActiveCfg = UAT|Any CPU
		{FFBB1AE9-C8FF-4F18-A447-6C98A0C99679}.UAT|Any CPU.Build.0 = UAT|Any CPU
		{EEA81807-EF65-40E1-A8EF-CB4CD4EAD5C7}.Debug|Any CPU.ActiveCfg = Debug|Any CPU
		{EEA81807-EF65-40E1-A8EF-CB4CD4EAD5C7}.Debug|Any CPU.Build.0 = Debug|Any CPU
		{EEA81807-EF65-40E1-A8EF-CB4CD4EAD5C7}.DEV|Any CPU.ActiveCfg = DEV|Any CPU
		{EEA81807-EF65-40E1-A8EF-CB4CD4EAD5C7}.DEV|Any CPU.Build.0 = DEV|Any CPU
		{EEA81807-EF65-40E1-A8EF-CB4CD4EAD5C7}.PERF|Any CPU.ActiveCfg = PERF|Any CPU
		{EEA81807-EF65-40E1-A8EF-CB4CD4EAD5C7}.PERF|Any CPU.Build.0 = PERF|Any CPU
		{EEA81807-EF65-40E1-A8EF-CB4CD4EAD5C7}.PREPROD|Any CPU.ActiveCfg = PREPROD|Any CPU
		{EEA81807-EF65-40E1-A8EF-CB4CD4EAD5C7}.PREPROD|Any CPU.Build.0 = PREPROD|Any CPU
		{EEA81807-EF65-40E1-A8EF-CB4CD4EAD5C7}.PROD|Any CPU.ActiveCfg = PROD|Any CPU
		{EEA81807-EF65-40E1-A8EF-CB4CD4EAD5C7}.PROD|Any CPU.Build.0 = PROD|Any CPU
		{EEA81807-EF65-40E1-A8EF-CB4CD4EAD5C7}.QA|Any CPU.ActiveCfg = QA|Any CPU
		{EEA81807-EF65-40E1-A8EF-CB4CD4EAD5C7}.QA|Any CPU.Build.0 = QA|Any CPU
		{EEA81807-EF65-40E1-A8EF-CB4CD4EAD5C7}.Release|Any CPU.ActiveCfg = Release|Any CPU
		{EEA81807-EF65-40E1-A8EF-CB4CD4EAD5C7}.Release|Any CPU.Build.0 = Release|Any CPU
		{EEA81807-EF65-40E1-A8EF-CB4CD4EAD5C7}.UAT|Any CPU.ActiveCfg = UAT|Any CPU
		{EEA81807-EF65-40E1-A8EF-CB4CD4EAD5C7}.UAT|Any CPU.Build.0 = UAT|Any CPU
		{29AD1F75-443D-432C-A70A-B1996FD99FB4}.Debug|Any CPU.ActiveCfg = Debug|Any CPU
		{29AD1F75-443D-432C-A70A-B1996FD99FB4}.Debug|Any CPU.Build.0 = Debug|Any CPU
		{29AD1F75-443D-432C-A70A-B1996FD99FB4}.DEV|Any CPU.ActiveCfg = DEV|Any CPU
		{29AD1F75-443D-432C-A70A-B1996FD99FB4}.DEV|Any CPU.Build.0 = DEV|Any CPU
		{29AD1F75-443D-432C-A70A-B1996FD99FB4}.PERF|Any CPU.ActiveCfg = PERF|Any CPU
		{29AD1F75-443D-432C-A70A-B1996FD99FB4}.PERF|Any CPU.Build.0 = PERF|Any CPU
		{29AD1F75-443D-432C-A70A-B1996FD99FB4}.PREPROD|Any CPU.ActiveCfg = PREPROD|Any CPU
		{29AD1F75-443D-432C-A70A-B1996FD99FB4}.PREPROD|Any CPU.Build.0 = PREPROD|Any CPU
		{29AD1F75-443D-432C-A70A-B1996FD99FB4}.PROD|Any CPU.ActiveCfg = PROD|Any CPU
		{29AD1F75-443D-432C-A70A-B1996FD99FB4}.PROD|Any CPU.Build.0 = PROD|Any CPU
		{29AD1F75-443D-432C-A70A-B1996FD99FB4}.QA|Any CPU.ActiveCfg = QA|Any CPU
		{29AD1F75-443D-432C-A70A-B1996FD99FB4}.QA|Any CPU.Build.0 = QA|Any CPU
		{29AD1F75-443D-432C-A70A-B1996FD99FB4}.Release|Any CPU.ActiveCfg = Release|Any CPU
		{29AD1F75-443D-432C-A70A-B1996FD99FB4}.Release|Any CPU.Build.0 = Release|Any CPU
		{29AD1F75-443D-432C-A70A-B1996FD99FB4}.UAT|Any CPU.ActiveCfg = UAT|Any CPU
		{29AD1F75-443D-432C-A70A-B1996FD99FB4}.UAT|Any CPU.Build.0 = UAT|Any CPU
		{26E4A48C-DE28-404D-8797-D5CF9E8D0F5B}.Debug|Any CPU.ActiveCfg = Debug|Any CPU
		{26E4A48C-DE28-404D-8797-D5CF9E8D0F5B}.Debug|Any CPU.Build.0 = Debug|Any CPU
		{26E4A48C-DE28-404D-8797-D5CF9E8D0F5B}.DEV|Any CPU.ActiveCfg = DEV|Any CPU
		{26E4A48C-DE28-404D-8797-D5CF9E8D0F5B}.DEV|Any CPU.Build.0 = DEV|Any CPU
		{26E4A48C-DE28-404D-8797-D5CF9E8D0F5B}.PERF|Any CPU.ActiveCfg = PERF|Any CPU
		{26E4A48C-DE28-404D-8797-D5CF9E8D0F5B}.PERF|Any CPU.Build.0 = PERF|Any CPU
		{26E4A48C-DE28-404D-8797-D5CF9E8D0F5B}.PREPROD|Any CPU.ActiveCfg = PREPROD|Any CPU
		{26E4A48C-DE28-404D-8797-D5CF9E8D0F5B}.PREPROD|Any CPU.Build.0 = PREPROD|Any CPU
		{26E4A48C-DE28-404D-8797-D5CF9E8D0F5B}.PROD|Any CPU.ActiveCfg = PROD|Any CPU
		{26E4A48C-DE28-404D-8797-D5CF9E8D0F5B}.PROD|Any CPU.Build.0 = PROD|Any CPU
		{26E4A48C-DE28-404D-8797-D5CF9E8D0F5B}.QA|Any CPU.ActiveCfg = QA|Any CPU
		{26E4A48C-DE28-404D-8797-D5CF9E8D0F5B}.QA|Any CPU.Build.0 = QA|Any CPU
		{26E4A48C-DE28-404D-8797-D5CF9E8D0F5B}.Release|Any CPU.ActiveCfg = Release|Any CPU
		{26E4A48C-DE28-404D-8797-D5CF9E8D0F5B}.Release|Any CPU.Build.0 = Release|Any CPU
		{26E4A48C-DE28-404D-8797-D5CF9E8D0F5B}.UAT|Any CPU.ActiveCfg = UAT|Any CPU
		{26E4A48C-DE28-404D-8797-D5CF9E8D0F5B}.UAT|Any CPU.Build.0 = UAT|Any CPU
		{D63BF3CA-346E-4DD2-B702-BD438D48D03D}.Debug|Any CPU.ActiveCfg = Debug|Any CPU
		{D63BF3CA-346E-4DD2-B702-BD438D48D03D}.Debug|Any CPU.Build.0 = Debug|Any CPU
		{D63BF3CA-346E-4DD2-B702-BD438D48D03D}.DEV|Any CPU.ActiveCfg = DEV|Any CPU
		{D63BF3CA-346E-4DD2-B702-BD438D48D03D}.DEV|Any CPU.Build.0 = DEV|Any CPU
		{D63BF3CA-346E-4DD2-B702-BD438D48D03D}.PERF|Any CPU.ActiveCfg = PERF|Any CPU
		{D63BF3CA-346E-4DD2-B702-BD438D48D03D}.PERF|Any CPU.Build.0 = PERF|Any CPU
		{D63BF3CA-346E-4DD2-B702-BD438D48D03D}.PREPROD|Any CPU.ActiveCfg = PREPROD|Any CPU
		{D63BF3CA-346E-4DD2-B702-BD438D48D03D}.PREPROD|Any CPU.Build.0 = PREPROD|Any CPU
		{D63BF3CA-346E-4DD2-B702-BD438D48D03D}.PROD|Any CPU.ActiveCfg = PROD|Any CPU
		{D63BF3CA-346E-4DD2-B702-BD438D48D03D}.PROD|Any CPU.Build.0 = PROD|Any CPU
		{D63BF3CA-346E-4DD2-B702-BD438D48D03D}.QA|Any CPU.ActiveCfg = QA|Any CPU
		{D63BF3CA-346E-4DD2-B702-BD438D48D03D}.QA|Any CPU.Build.0 = QA|Any CPU
		{D63BF3CA-346E-4DD2-B702-BD438D48D03D}.Release|Any CPU.ActiveCfg = Release|Any CPU
		{D63BF3CA-346E-4DD2-B702-BD438D48D03D}.Release|Any CPU.Build.0 = Release|Any CPU
		{D63BF3CA-346E-4DD2-B702-BD438D48D03D}.UAT|Any CPU.ActiveCfg = UAT|Any CPU
		{D63BF3CA-346E-4DD2-B702-BD438D48D03D}.UAT|Any CPU.Build.0 = UAT|Any CPU
		{AB216C38-15B6-4752-8D3A-2ADDD64D9F2B}.Debug|Any CPU.ActiveCfg = Debug|Any CPU
		{AB216C38-15B6-4752-8D3A-2ADDD64D9F2B}.Debug|Any CPU.Build.0 = Debug|Any CPU
		{AB216C38-15B6-4752-8D3A-2ADDD64D9F2B}.DEV|Any CPU.ActiveCfg = DEV|Any CPU
		{AB216C38-15B6-4752-8D3A-2ADDD64D9F2B}.DEV|Any CPU.Build.0 = DEV|Any CPU
		{AB216C38-15B6-4752-8D3A-2ADDD64D9F2B}.PERF|Any CPU.ActiveCfg = PROD|Any CPU
		{AB216C38-15B6-4752-8D3A-2ADDD64D9F2B}.PERF|Any CPU.Build.0 = PROD|Any CPU
		{AB216C38-15B6-4752-8D3A-2ADDD64D9F2B}.PREPROD|Any CPU.ActiveCfg = PREPROD|Any CPU
		{AB216C38-15B6-4752-8D3A-2ADDD64D9F2B}.PREPROD|Any CPU.Build.0 = PREPROD|Any CPU
		{AB216C38-15B6-4752-8D3A-2ADDD64D9F2B}.PROD|Any CPU.ActiveCfg = PROD|Any CPU
		{AB216C38-15B6-4752-8D3A-2ADDD64D9F2B}.PROD|Any CPU.Build.0 = PROD|Any CPU
		{AB216C38-15B6-4752-8D3A-2ADDD64D9F2B}.QA|Any CPU.ActiveCfg = QA|Any CPU
		{AB216C38-15B6-4752-8D3A-2ADDD64D9F2B}.QA|Any CPU.Build.0 = QA|Any CPU
		{AB216C38-15B6-4752-8D3A-2ADDD64D9F2B}.Release|Any CPU.ActiveCfg = Release|Any CPU
		{AB216C38-15B6-4752-8D3A-2ADDD64D9F2B}.Release|Any CPU.Build.0 = Release|Any CPU
		{AB216C38-15B6-4752-8D3A-2ADDD64D9F2B}.UAT|Any CPU.ActiveCfg = UAT|Any CPU
		{AB216C38-15B6-4752-8D3A-2ADDD64D9F2B}.UAT|Any CPU.Build.0 = UAT|Any CPU
		{E19D48BB-1AAF-4CF4-9DD8-CF49AF748EAE}.Debug|Any CPU.ActiveCfg = Debug|Any CPU
		{E19D48BB-1AAF-4CF4-9DD8-CF49AF748EAE}.Debug|Any CPU.Build.0 = Debug|Any CPU
		{E19D48BB-1AAF-4CF4-9DD8-CF49AF748EAE}.DEV|Any CPU.ActiveCfg = Debug|Any CPU
		{E19D48BB-1AAF-4CF4-9DD8-CF49AF748EAE}.DEV|Any CPU.Build.0 = Debug|Any CPU
		{E19D48BB-1AAF-4CF4-9DD8-CF49AF748EAE}.PERF|Any CPU.ActiveCfg = PERF|Any CPU
		{E19D48BB-1AAF-4CF4-9DD8-CF49AF748EAE}.PERF|Any CPU.Build.0 = PERF|Any CPU
		{E19D48BB-1AAF-4CF4-9DD8-CF49AF748EAE}.PREPROD|Any CPU.ActiveCfg = PREPROD|Any CPU
		{E19D48BB-1AAF-4CF4-9DD8-CF49AF748EAE}.PREPROD|Any CPU.Build.0 = PREPROD|Any CPU
		{E19D48BB-1AAF-4CF4-9DD8-CF49AF748EAE}.PROD|Any CPU.ActiveCfg = PREPROD|Any CPU
		{E19D48BB-1AAF-4CF4-9DD8-CF49AF748EAE}.PROD|Any CPU.Build.0 = PREPROD|Any CPU
		{E19D48BB-1AAF-4CF4-9DD8-CF49AF748EAE}.QA|Any CPU.ActiveCfg = Release|Any CPU
		{E19D48BB-1AAF-4CF4-9DD8-CF49AF748EAE}.QA|Any CPU.Build.0 = Release|Any CPU
		{E19D48BB-1AAF-4CF4-9DD8-CF49AF748EAE}.Release|Any CPU.ActiveCfg = Release|Any CPU
		{E19D48BB-1AAF-4CF4-9DD8-CF49AF748EAE}.Release|Any CPU.Build.0 = Release|Any CPU
		{E19D48BB-1AAF-4CF4-9DD8-CF49AF748EAE}.UAT|Any CPU.ActiveCfg = Release|Any CPU
		{E19D48BB-1AAF-4CF4-9DD8-CF49AF748EAE}.UAT|Any CPU.Build.0 = Release|Any CPU
		{867EA7BB-771F-40F7-ACA3-86F90630DBF2}.Debug|Any CPU.ActiveCfg = Debug|Any CPU
		{867EA7BB-771F-40F7-ACA3-86F90630DBF2}.Debug|Any CPU.Build.0 = Debug|Any CPU
		{867EA7BB-771F-40F7-ACA3-86F90630DBF2}.DEV|Any CPU.ActiveCfg = Debug|Any CPU
		{867EA7BB-771F-40F7-ACA3-86F90630DBF2}.DEV|Any CPU.Build.0 = Debug|Any CPU
		{867EA7BB-771F-40F7-ACA3-86F90630DBF2}.PERF|Any CPU.ActiveCfg = PERF|Any CPU
		{867EA7BB-771F-40F7-ACA3-86F90630DBF2}.PERF|Any CPU.Build.0 = PERF|Any CPU
		{867EA7BB-771F-40F7-ACA3-86F90630DBF2}.PREPROD|Any CPU.ActiveCfg = PREPROD|Any CPU
		{867EA7BB-771F-40F7-ACA3-86F90630DBF2}.PREPROD|Any CPU.Build.0 = PREPROD|Any CPU
		{867EA7BB-771F-40F7-ACA3-86F90630DBF2}.PROD|Any CPU.ActiveCfg = PREPROD|Any CPU
		{867EA7BB-771F-40F7-ACA3-86F90630DBF2}.PROD|Any CPU.Build.0 = PREPROD|Any CPU
		{867EA7BB-771F-40F7-ACA3-86F90630DBF2}.QA|Any CPU.ActiveCfg = Release|Any CPU
		{867EA7BB-771F-40F7-ACA3-86F90630DBF2}.QA|Any CPU.Build.0 = Release|Any CPU
		{867EA7BB-771F-40F7-ACA3-86F90630DBF2}.Release|Any CPU.ActiveCfg = Release|Any CPU
		{867EA7BB-771F-40F7-ACA3-86F90630DBF2}.Release|Any CPU.Build.0 = Release|Any CPU
		{867EA7BB-771F-40F7-ACA3-86F90630DBF2}.UAT|Any CPU.ActiveCfg = Release|Any CPU
		{867EA7BB-771F-40F7-ACA3-86F90630DBF2}.UAT|Any CPU.Build.0 = Release|Any CPU
		{1992337D-B144-4670-8259-977B7809280C}.Debug|Any CPU.ActiveCfg = Debug|Any CPU
		{1992337D-B144-4670-8259-977B7809280C}.Debug|Any CPU.Build.0 = Debug|Any CPU
		{1992337D-B144-4670-8259-977B7809280C}.DEV|Any CPU.ActiveCfg = Debug|Any CPU
		{1992337D-B144-4670-8259-977B7809280C}.DEV|Any CPU.Build.0 = Debug|Any CPU
		{1992337D-B144-4670-8259-977B7809280C}.PERF|Any CPU.ActiveCfg = PERF|Any CPU
		{1992337D-B144-4670-8259-977B7809280C}.PERF|Any CPU.Build.0 = PERF|Any CPU
		{1992337D-B144-4670-8259-977B7809280C}.PREPROD|Any CPU.ActiveCfg = PREPROD|Any CPU
		{1992337D-B144-4670-8259-977B7809280C}.PREPROD|Any CPU.Build.0 = PREPROD|Any CPU
		{1992337D-B144-4670-8259-977B7809280C}.PROD|Any CPU.ActiveCfg = PREPROD|Any CPU
		{1992337D-B144-4670-8259-977B7809280C}.PROD|Any CPU.Build.0 = PREPROD|Any CPU
		{1992337D-B144-4670-8259-977B7809280C}.QA|Any CPU.ActiveCfg = Release|Any CPU
		{1992337D-B144-4670-8259-977B7809280C}.QA|Any CPU.Build.0 = Release|Any CPU
		{1992337D-B144-4670-8259-977B7809280C}.Release|Any CPU.ActiveCfg = Release|Any CPU
		{1992337D-B144-4670-8259-977B7809280C}.Release|Any CPU.Build.0 = Release|Any CPU
		{1992337D-B144-4670-8259-977B7809280C}.UAT|Any CPU.ActiveCfg = Release|Any CPU
		{1992337D-B144-4670-8259-977B7809280C}.UAT|Any CPU.Build.0 = Release|Any CPU
		{3FDEA2B8-9471-4322-B9E9-3E07E8186615}.Debug|Any CPU.ActiveCfg = Debug|Any CPU
		{3FDEA2B8-9471-4322-B9E9-3E07E8186615}.Debug|Any CPU.Build.0 = Debug|Any CPU
		{3FDEA2B8-9471-4322-B9E9-3E07E8186615}.DEV|Any CPU.ActiveCfg = Debug|Any CPU
		{3FDEA2B8-9471-4322-B9E9-3E07E8186615}.DEV|Any CPU.Build.0 = Debug|Any CPU
		{3FDEA2B8-9471-4322-B9E9-3E07E8186615}.PERF|Any CPU.ActiveCfg = Release|Any CPU
		{3FDEA2B8-9471-4322-B9E9-3E07E8186615}.PERF|Any CPU.Build.0 = Release|Any CPU
		{3FDEA2B8-9471-4322-B9E9-3E07E8186615}.PREPROD|Any CPU.ActiveCfg = Release|Any CPU
		{3FDEA2B8-9471-4322-B9E9-3E07E8186615}.PREPROD|Any CPU.Build.0 = Release|Any CPU
		{3FDEA2B8-9471-4322-B9E9-3E07E8186615}.PROD|Any CPU.ActiveCfg = Release|Any CPU
		{3FDEA2B8-9471-4322-B9E9-3E07E8186615}.PROD|Any CPU.Build.0 = Release|Any CPU
		{3FDEA2B8-9471-4322-B9E9-3E07E8186615}.QA|Any CPU.ActiveCfg = Release|Any CPU
		{3FDEA2B8-9471-4322-B9E9-3E07E8186615}.QA|Any CPU.Build.0 = Release|Any CPU
		{3FDEA2B8-9471-4322-B9E9-3E07E8186615}.Release|Any CPU.ActiveCfg = Release|Any CPU
		{3FDEA2B8-9471-4322-B9E9-3E07E8186615}.Release|Any CPU.Build.0 = Release|Any CPU
		{3FDEA2B8-9471-4322-B9E9-3E07E8186615}.UAT|Any CPU.ActiveCfg = Release|Any CPU
		{3FDEA2B8-9471-4322-B9E9-3E07E8186615}.UAT|Any CPU.Build.0 = Release|Any CPU
	EndGlobalSection
	GlobalSection(SolutionProperties) = preSolution
		HideSolutionNode = FALSE
	EndGlobalSection
	GlobalSection(NestedProjects) = preSolution
		{78CDED73-5491-435B-AA62-E7BC6F47EC88} = {1DE27C66-6922-4C28-A207-B219175D77B8}
		{FFFDCC66-B7E8-43A2-AF1E-274E40DBFB0F} = {1DE27C66-6922-4C28-A207-B219175D77B8}
		{BF0EE62E-50AD-4678-A9BC-7C6B5D0D0613} = {1DE27C66-6922-4C28-A207-B219175D77B8}
		{7F9261EE-441F-417F-A611-738B748A611F} = {1DE27C66-6922-4C28-A207-B219175D77B8}
		{FFBB1AE9-C8FF-4F18-A447-6C98A0C99679} = {1DE27C66-6922-4C28-A207-B219175D77B8}
		{EEA81807-EF65-40E1-A8EF-CB4CD4EAD5C7} = {1DE27C66-6922-4C28-A207-B219175D77B8}
		{29AD1F75-443D-432C-A70A-B1996FD99FB4} = {1DE27C66-6922-4C28-A207-B219175D77B8}
		{26E4A48C-DE28-404D-8797-D5CF9E8D0F5B} = {1DE27C66-6922-4C28-A207-B219175D77B8}
		{D63BF3CA-346E-4DD2-B702-BD438D48D03D} = {1DE27C66-6922-4C28-A207-B219175D77B8}
	EndGlobalSection
	GlobalSection(ExtensibilityGlobals) = postSolution
		SolutionGuid = {60CCB76F-5E1B-49E5-973D-1E8074FB8D81}
	EndGlobalSection
	GlobalSection(TeamFoundationVersionControl) = preSolution
		SccNumberOfProjects = 20
		SccEnterpriseProvider = {4CA58AB2-18FA-4F8D-95D4-32DDF27D184C}
		SccTeamFoundationServer = https://softuravault.visualstudio.com/
		SccLocalPath0 = .
		SccProjectUniqueName1 = KBA.Administration.API\\KBA.Administration.API.csproj
		SccProjectName1 = KBA.Administration.API
		SccLocalPath1 = KBA.Administration.API
		SccProjectUniqueName2 = KBA.Administration.Business\\KBA.Administration.Business.csproj
		SccProjectName2 = KBA.Administration.Business
		SccLocalPath2 = KBA.Administration.Business
		SccProjectUniqueName3 = KBA.Administration.Common\\KBA.Administration.Common.csproj
		SccProjectName3 = KBA.Administration.Common
		SccLocalPath3 = KBA.Administration.Common
		SccProjectUniqueName4 = KBA.Administration.DataAccess\\KBA.Administration.DataAccess.csproj
		SccProjectName4 = KBA.Administration.DataAccess
		SccLocalPath4 = KBA.Administration.DataAccess
		SccProjectUniqueName5 = KBA.Administration.Domain\\KBA.Administration.Domain.csproj
		SccProjectName5 = KBA.Administration.Domain
		SccLocalPath5 = KBA.Administration.Domain
		SccProjectUniqueName6 = KBA.Administration.Web\\KBA.Administration.Web.csproj
		SccProjectName6 = KBA.Administration.Web
		SccLocalPath6 = KBA.Administration.Web
		SccProjectUniqueName7 = KBA.Administration.Test\\KBA.Administration.Test.csproj
		SccProjectName7 = KBA.Administration.Test
		SccLocalPath7 = KBA.Administration.Test
		SccProjectUniqueName8 = KBA.Administration.Web.Tests\\KBA.Administration.Web.Tests.csproj
		SccProjectName8 = KBA.Administration.Web.Tests
		SccLocalPath8 = KBA.Administration.Web.Tests
		SccProjectUniqueName9 = ..\\..\\..\\Common\\Main\\KBA.Common\\KBA.Common.Azure\\KBA.Common.Azure.csproj
		SccProjectTopLevelParentUniqueName9 = KBA.Administration.sln
		SccProjectName9 = ../../../Common/Main/KBA.Common/KBA.Common.Azure
		SccLocalPath9 = ..\\..\\..\\Common\\Main\\KBA.Common\\KBA.Common.Azure
		SccProjectUniqueName10 = ..\\..\\..\\Common\\Main\\KBA.Common\\KBA.Common.DataAccess\\KBA.Common.DataAccess.csproj
		SccProjectTopLevelParentUniqueName10 = KBA.Administration.sln
		SccProjectName10 = ../../../Common/Main/KBA.Common/KBA.Common.DataAccess
		SccLocalPath10 = ..\\..\\..\\Common\\Main\\KBA.Common\\KBA.Common.DataAccess
		SccProjectUniqueName11 = ..\\..\\..\\Common\\Main\\KBA.Common\\KBA.Common.Domain\\KBA.Common.Domain.csproj
		SccProjectTopLevelParentUniqueName11 = KBA.Administration.sln
		SccProjectName11 = ../../../Common/Main/KBA.Common/KBA.Common.Domain
		SccLocalPath11 = ..\\..\\..\\Common\\Main\\KBA.Common\\KBA.Common.Domain
		SccProjectUniqueName12 = ..\\..\\..\\Common\\Main\\KBA.Common\\KBA.Common.InvitationAPI\\KBA.Common.InvitationAPI.csproj
		SccProjectTopLevelParentUniqueName12 = KBA.Administration.sln
		SccProjectName12 = ../../../Common/Main/KBA.Common/KBA.Common.InvitationAPI
		SccLocalPath12 = ..\\..\\..\\Common\\Main\\KBA.Common\\KBA.Common.InvitationAPI
		SccProjectUniqueName13 = ..\\..\\..\\Common\\Main\\KBA.Common\\KBA.Common.Notification\\KBA.Common.Notification.csproj
		SccProjectTopLevelParentUniqueName13 = KBA.Administration.sln
		SccProjectName13 = ../../../Common/Main/KBA.Common/KBA.Common.Notification
		SccLocalPath13 = ..\\..\\..\\Common\\Main\\KBA.Common\\KBA.Common.Notification
		SccProjectUniqueName14 = ..\\..\\..\\Common\\Main\\KBA.Common\\KBA.Common.UserInactivation\\KBA.Common.UserInactivation.csproj
		SccProjectTopLevelParentUniqueName14 = KBA.Administration.sln
		SccProjectName14 = ../../../Common/Main/KBA.Common/KBA.Common.UserInactivation
		SccLocalPath14 = ..\\..\\..\\Common\\Main\\KBA.Common\\KBA.Common.UserInactivation
		SccProjectUniqueName15 = ..\\..\\..\\Common\\Main\\KBA.Common\\KBA.Common.UserInactivationBusiness\\KBA.Common.UserInactivationBusiness.csproj
		SccProjectTopLevelParentUniqueName15 = KBA.Administration.sln
		SccProjectName15 = ../../../Common/Main/KBA.Common/KBA.Common.UserInactivationBusiness
		SccLocalPath15 = ..\\..\\..\\Common\\Main\\KBA.Common\\KBA.Common.UserInactivationBusiness
		SccProjectUniqueName16 = ..\\..\\..\\Common\\Main\\KBA.Common\\KBA.Common.Utilities\\KBA.Common.Utilities.csproj
		SccProjectTopLevelParentUniqueName16 = KBA.Administration.sln
		SccProjectName16 = ../../../Common/Main/KBA.Common/KBA.Common.Utilities
		SccLocalPath16 = ..\\..\\..\\Common\\Main\\KBA.Common\\KBA.Common.Utilities
		SccProjectUniqueName17 = ..\\..\\..\\Common\\Main\\KBA.Common\\KBA.Common.Framework\\KBA.Common.Framework.csproj
		SccProjectTopLevelParentUniqueName17 = KBA.Administration.sln
		SccProjectName17 = ../../../Common/Main/KBA.Common/KBA.Common.Framework
		SccLocalPath17 = ..\\..\\..\\Common\\Main\\KBA.Common\\KBA.Common.Framework
		SccProjectUniqueName18 = KBA.Administration.API.Tests\\KBA.Administration.API.Tests.csproj
		SccProjectName18 = KBA.Administration.API.Tests
		SccLocalPath18 = KBA.Administration.API.Tests
		SccProjectUniqueName19 = CosmosDb\\CosmosDb.csproj
		SccProjectName19 = CosmosDb
		SccLocalPath19 = CosmosDb
	EndGlobalSection
EndGlobal
